
Microsoft Visual Studio Solution File, Format Version 12.00
# Visual Studio 2013
VisualStudioVersion = 12.0.31101.0
MinimumVisualStudioVersion = 10.0.40219.1
Project("{E24C65DC-7377-472B-9ABA-BC803B73C61A}") = "Newsbook.WebMobile", "http://localhost:57862", "{B50A8871-5E68-4BE9-ABEC-F10FED724AA2}"
	ProjectSection(WebsiteProperties) = preProject
		UseIISExpress = "true"
		TargetFrameworkMoniker = ".NETFramework,Version%3Dv4.0"
		Debug.AspNetCompiler.VirtualPath = "/localhost_57862"
		Debug.AspNetCompiler.PhysicalPath = "Newsbook.WebMobile\"
		Debug.AspNetCompiler.TargetPath = "PrecompiledWeb\localhost_57862\"
		Debug.AspNetCompiler.Updateable = "true"
		Debug.AspNetCompiler.ForceOverwrite = "true"
		Debug.AspNetCompiler.FixedNames = "false"
		Debug.AspNetCompiler.Debug = "True"
		Release.AspNetCompiler.VirtualPath = "/localhost_57862"
		Release.AspNetCompiler.PhysicalPath = "Newsbook.WebMobile\"
		Release.AspNetCompiler.TargetPath = "PrecompiledWeb\localhost_57862\"
		Release.AspNetCompiler.Updateable = "true"
		Release.AspNetCompiler.ForceOverwrite = "true"
		Release.AspNetCompiler.FixedNames = "false"
		Release.AspNetCompiler.Debug = "False"
		SlnRelativePath = "Newsbook.WebMobile\"
	EndProjectSection
EndProject
Project("{2150E333-8FDC-42A3-9474-1A3956D46DE8}") = "0 - Apresentacao", "0 - Apresentacao", "{F7821A88-4A34-46CA-85D4-ADCB187B2261}"
EndProject
Project("{2150E333-8FDC-42A3-9474-1A3956D46DE8}") = "1 - Servicos", "1 - Servicos", "{AA17C626-C174-4B21-9E5E-3F6BB57D2100}"
EndProject
Project("{2150E333-8FDC-42A3-9474-1A3956D46DE8}") = "2 - Aplicacao", "2 - Aplicacao", "{80E49700-8CD0-4418-9F48-4F4ABE86CA11}"
EndProject
Project("{2150E333-8FDC-42A3-9474-1A3956D46DE8}") = "3 - Dominio", "3 - Dominio", "{FCEE6BEB-C86B-4993-8361-EC39342A4F2C}"
EndProject
Project("{2150E333-8FDC-42A3-9474-1A3956D46DE8}") = "4 - Infraestrutura", "4 - Infraestrutura", "{F4D7E844-3FB2-4060-B33A-99BA33FCBDFE}"
EndProject
Project("{2150E333-8FDC-42A3-9474-1A3956D46DE8}") = "4.1 - Dados", "4.1 - Dados", "{A0A24D28-5970-42F7-8847-B71E7622F515}"
EndProject
Project("{2150E333-8FDC-42A3-9474-1A3956D46DE8}") = "4.2 - Util", "4.2 - Util", "{A29F7D56-D1CF-4D93-BF03-B7ABB0474811}"
EndProject
Project("{FAE04EC0-301F-11D3-BF4B-00C04F79EFBC}") = "Newsbook.Core", "Newsbook.Core\Newsbook.Core.csproj", "{77DB442D-D3D0-449C-A7A1-22A47F716357}"
EndProject
Project("{2150E333-8FDC-42A3-9474-1A3956D46DE8}") = "5 - Testes", "5 - Testes", "{A7F98BB9-20E9-487F-AE0D-056B0431C808}"
EndProject
Project("{FAE04EC0-301F-11D3-BF4B-00C04F79EFBC}") = "Newsbook.Console.Teste", "Newsbook.Console.Teste\Newsbook.Console.Teste.csproj", "{3C047FE4-18FB-4BFC-BD87-902E36D18683}"
EndProject
Project("{FAE04EC0-301F-11D3-BF4B-00C04F79EFBC}") = "Newsbook.Infraestrutura.Dados.MYSQL", "Newsbook.Infraestrutura.Dados.MySql\Newsbook.Infraestrutura.Dados.MYSQL.csproj", "{056E24E2-604C-4834-BB49-0A36080CFC55}"
EndProject
Project("{FAE04EC0-301F-11D3-BF4B-00C04F79EFBC}") = "Newsbook.Download", "Newsbook.Download\Newsbook.Download.csproj", "{376EE048-E5CF-4F7F-B129-1D5C1454CA39}"
EndProject
Project("{FAE04EC0-301F-11D3-BF4B-00C04F79EFBC}") = "Newsbook.Util", "Newsbook.Util\Newsbook.Util.csproj", "{A651BBC4-906D-4A4B-97FC-D327946FB87E}"
EndProject
Project("{FAE04EC0-301F-11D3-BF4B-00C04F79EFBC}") = "Newsbook.Core.Testes", "Newsbook.Core.Testes\Newsbook.Core.Testes.csproj", "{5B72CB09-9CB2-4821-8056-A041C3E52735}"
EndProject
Project("{FAE04EC0-301F-11D3-BF4B-00C04F79EFBC}") = "Newsbook.Dependencias", "Newsbook.Dependencias\Newsbook.Dependencias.csproj", "{650AB8A8-0A08-49C3-8B6E-08EA97133A5B}"
EndProject
Project("{FAE04EC0-301F-11D3-BF4B-00C04F79EFBC}") = "Newsbook.Core.WebApi", "Newsbook.Core.WebApi\Newsbook.Core.WebApi.csproj", "{D581A789-F394-4622-A54F-CB23A4139970}"
EndProject
Project("{2150E333-8FDC-42A3-9474-1A3956D46DE8}") = "0.2 - Aplicativo", "0.2 - Aplicativo", "{91C86869-9185-4918-8082-BFF46F99DF00}"
EndProject
Project("{2150E333-8FDC-42A3-9474-1A3956D46DE8}") = "0.1 - Website", "0.1 - Website", "{B00262DD-CB03-47D1-A6CD-7D899D858217}"
EndProject
Project("{FAE04EC0-301F-11D3-BF4B-00C04F79EFBC}") = "Newsbook.App.Droid", "Newsbook.App\Newsbook.App.Droid\Newsbook.App.Droid.csproj", "{9ED45E8C-4E0E-4797-999D-4C42D378930E}"
EndProject
Project("{FAE04EC0-301F-11D3-BF4B-00C04F79EFBC}") = "Newsbook.App.iOS", "Newsbook.App\Newsbook.App.iOS\Newsbook.App.iOS.csproj", "{B299F950-3464-4239-A17F-1443E0E4FA36}"
EndProject
Project("{FAE04EC0-301F-11D3-BF4B-00C04F79EFBC}") = "Newsbook.App.WinPhone", "Newsbook.App\Newsbook.App.WinPhone\Newsbook.App.WinPhone.csproj", "{C9939F82-A2E0-4BD5-AFC6-7990AAB4EC99}"
EndProject
Project("{FAE04EC0-301F-11D3-BF4B-00C04F79EFBC}") = "Newsbook.App.Windows", "Newsbook.App\Newsbook.App.Windows\Newsbook.App.Windows.csproj", "{F46F9F66-8331-4632-93BF-34A61B1F1D2B}"
EndProject
Project("{FAE04EC0-301F-11D3-BF4B-00C04F79EFBC}") = "Newsbook.App", "Newsbook.App\Newsbook.App\Newsbook.App.csproj", "{275E4C69-D867-4753-90FF-6EB6C2C8DC69}"
EndProject
Global
	GlobalSection(SolutionConfigurationPlatforms) = preSolution
		Ad-Hoc|Any CPU = Ad-Hoc|Any CPU
		Ad-Hoc|ARM = Ad-Hoc|ARM
		Ad-Hoc|iPhone = Ad-Hoc|iPhone
		Ad-Hoc|iPhoneSimulator = Ad-Hoc|iPhoneSimulator
		Ad-Hoc|Mixed Platforms = Ad-Hoc|Mixed Platforms
		Ad-Hoc|x64 = Ad-Hoc|x64
		Ad-Hoc|x86 = Ad-Hoc|x86
		AppStore|Any CPU = AppStore|Any CPU
		AppStore|ARM = AppStore|ARM
		AppStore|iPhone = AppStore|iPhone
		AppStore|iPhoneSimulator = AppStore|iPhoneSimulator
		AppStore|Mixed Platforms = AppStore|Mixed Platforms
		AppStore|x64 = AppStore|x64
		AppStore|x86 = AppStore|x86
		Debug|Any CPU = Debug|Any CPU
		Debug|ARM = Debug|ARM
		Debug|iPhone = Debug|iPhone
		Debug|iPhoneSimulator = Debug|iPhoneSimulator
		Debug|Mixed Platforms = Debug|Mixed Platforms
		Debug|x64 = Debug|x64
		Debug|x86 = Debug|x86
		Release|Any CPU = Release|Any CPU
		Release|ARM = Release|ARM
		Release|iPhone = Release|iPhone
		Release|iPhoneSimulator = Release|iPhoneSimulator
		Release|Mixed Platforms = Release|Mixed Platforms
		Release|x64 = Release|x64
		Release|x86 = Release|x86
	EndGlobalSection
	GlobalSection(ProjectConfigurationPlatforms) = postSolution
		{B50A8871-5E68-4BE9-ABEC-F10FED724AA2}.Ad-Hoc|Any CPU.ActiveCfg = Debug|Any CPU
		{B50A8871-5E68-4BE9-ABEC-F10FED724AA2}.Ad-Hoc|Any CPU.Build.0 = Debug|Any CPU
		{B50A8871-5E68-4BE9-ABEC-F10FED724AA2}.Ad-Hoc|ARM.ActiveCfg = Debug|Any CPU
		{B50A8871-5E68-4BE9-ABEC-F10FED724AA2}.Ad-Hoc|iPhone.ActiveCfg = Debug|Any CPU
		{B50A8871-5E68-4BE9-ABEC-F10FED724AA2}.Ad-Hoc|iPhoneSimulator.ActiveCfg = Debug|Any CPU
		{B50A8871-5E68-4BE9-ABEC-F10FED724AA2}.Ad-Hoc|Mixed Platforms.ActiveCfg = Debug|Any CPU
		{B50A8871-5E68-4BE9-ABEC-F10FED724AA2}.Ad-Hoc|Mixed Platforms.Build.0 = Debug|Any CPU
		{B50A8871-5E68-4BE9-ABEC-F10FED724AA2}.Ad-Hoc|x64.ActiveCfg = Debug|Any CPU
		{B50A8871-5E68-4BE9-ABEC-F10FED724AA2}.Ad-Hoc|x86.ActiveCfg = Debug|Any CPU
		{B50A8871-5E68-4BE9-ABEC-F10FED724AA2}.AppStore|Any CPU.ActiveCfg = Debug|Any CPU
		{B50A8871-5E68-4BE9-ABEC-F10FED724AA2}.AppStore|Any CPU.Build.0 = Debug|Any CPU
		{B50A8871-5E68-4BE9-ABEC-F10FED724AA2}.AppStore|ARM.ActiveCfg = Debug|Any CPU
		{B50A8871-5E68-4BE9-ABEC-F10FED724AA2}.AppStore|iPhone.ActiveCfg = Debug|Any CPU
		{B50A8871-5E68-4BE9-ABEC-F10FED724AA2}.AppStore|iPhoneSimulator.ActiveCfg = Debug|Any CPU
		{B50A8871-5E68-4BE9-ABEC-F10FED724AA2}.AppStore|Mixed Platforms.ActiveCfg = Debug|Any CPU
		{B50A8871-5E68-4BE9-ABEC-F10FED724AA2}.AppStore|Mixed Platforms.Build.0 = Debug|Any CPU
		{B50A8871-5E68-4BE9-ABEC-F10FED724AA2}.AppStore|x64.ActiveCfg = Debug|Any CPU
		{B50A8871-5E68-4BE9-ABEC-F10FED724AA2}.AppStore|x86.ActiveCfg = Debug|Any CPU
		{B50A8871-5E68-4BE9-ABEC-F10FED724AA2}.Debug|Any CPU.ActiveCfg = Debug|Any CPU
		{B50A8871-5E68-4BE9-ABEC-F10FED724AA2}.Debug|Any CPU.Build.0 = Debug|Any CPU
		{B50A8871-5E68-4BE9-ABEC-F10FED724AA2}.Debug|ARM.ActiveCfg = Debug|Any CPU
		{B50A8871-5E68-4BE9-ABEC-F10FED724AA2}.Debug|iPhone.ActiveCfg = Debug|Any CPU
		{B50A8871-5E68-4BE9-ABEC-F10FED724AA2}.Debug|iPhoneSimulator.ActiveCfg = Debug|Any CPU
		{B50A8871-5E68-4BE9-ABEC-F10FED724AA2}.Debug|Mixed Platforms.ActiveCfg = Debug|Any CPU
		{B50A8871-5E68-4BE9-ABEC-F10FED724AA2}.Debug|Mixed Platforms.Build.0 = Debug|Any CPU
		{B50A8871-5E68-4BE9-ABEC-F10FED724AA2}.Debug|x64.ActiveCfg = Debug|Any CPU
		{B50A8871-5E68-4BE9-ABEC-F10FED724AA2}.Debug|x86.ActiveCfg = Debug|Any CPU
		{B50A8871-5E68-4BE9-ABEC-F10FED724AA2}.Release|Any CPU.ActiveCfg = Debug|Any CPU
		{B50A8871-5E68-4BE9-ABEC-F10FED724AA2}.Release|Any CPU.Build.0 = Debug|Any CPU
		{B50A8871-5E68-4BE9-ABEC-F10FED724AA2}.Release|ARM.ActiveCfg = Debug|Any CPU
		{B50A8871-5E68-4BE9-ABEC-F10FED724AA2}.Release|iPhone.ActiveCfg = Debug|Any CPU
		{B50A8871-5E68-4BE9-ABEC-F10FED724AA2}.Release|iPhoneSimulator.ActiveCfg = Debug|Any CPU
		{B50A8871-5E68-4BE9-ABEC-F10FED724AA2}.Release|Mixed Platforms.ActiveCfg = Debug|Any CPU
		{B50A8871-5E68-4BE9-ABEC-F10FED724AA2}.Release|Mixed Platforms.Build.0 = Debug|Any CPU
		{B50A8871-5E68-4BE9-ABEC-F10FED724AA2}.Release|x64.ActiveCfg = Debug|Any CPU
		{B50A8871-5E68-4BE9-ABEC-F10FED724AA2}.Release|x86.ActiveCfg = Debug|Any CPU
		{77DB442D-D3D0-449C-A7A1-22A47F716357}.Ad-Hoc|Any CPU.ActiveCfg = Release|Any CPU
		{77DB442D-D3D0-449C-A7A1-22A47F716357}.Ad-Hoc|Any CPU.Build.0 = Release|Any CPU
		{77DB442D-D3D0-449C-A7A1-22A47F716357}.Ad-Hoc|ARM.ActiveCfg = Release|Any CPU
		{77DB442D-D3D0-449C-A7A1-22A47F716357}.Ad-Hoc|iPhone.ActiveCfg = Release|Any CPU
		{77DB442D-D3D0-449C-A7A1-22A47F716357}.Ad-Hoc|iPhoneSimulator.ActiveCfg = Release|Any CPU
		{77DB442D-D3D0-449C-A7A1-22A47F716357}.Ad-Hoc|Mixed Platforms.ActiveCfg = Release|Any CPU
		{77DB442D-D3D0-449C-A7A1-22A47F716357}.Ad-Hoc|Mixed Platforms.Build.0 = Release|Any CPU
		{77DB442D-D3D0-449C-A7A1-22A47F716357}.Ad-Hoc|x64.ActiveCfg = Release|Any CPU
		{77DB442D-D3D0-449C-A7A1-22A47F716357}.Ad-Hoc|x86.ActiveCfg = Release|Any CPU
		{77DB442D-D3D0-449C-A7A1-22A47F716357}.AppStore|Any CPU.ActiveCfg = Release|Any CPU
		{77DB442D-D3D0-449C-A7A1-22A47F716357}.AppStore|Any CPU.Build.0 = Release|Any CPU
		{77DB442D-D3D0-449C-A7A1-22A47F716357}.AppStore|ARM.ActiveCfg = Release|Any CPU
		{77DB442D-D3D0-449C-A7A1-22A47F716357}.AppStore|iPhone.ActiveCfg = Release|Any CPU
		{77DB442D-D3D0-449C-A7A1-22A47F716357}.AppStore|iPhoneSimulator.ActiveCfg = Release|Any CPU
		{77DB442D-D3D0-449C-A7A1-22A47F716357}.AppStore|Mixed Platforms.ActiveCfg = Release|Any CPU
		{77DB442D-D3D0-449C-A7A1-22A47F716357}.AppStore|Mixed Platforms.Build.0 = Release|Any CPU
		{77DB442D-D3D0-449C-A7A1-22A47F716357}.AppStore|x64.ActiveCfg = Release|Any CPU
		{77DB442D-D3D0-449C-A7A1-22A47F716357}.AppStore|x86.ActiveCfg = Release|Any CPU
		{77DB442D-D3D0-449C-A7A1-22A47F716357}.Debug|Any CPU.ActiveCfg = Debug|Any CPU
		{77DB442D-D3D0-449C-A7A1-22A47F716357}.Debug|Any CPU.Build.0 = Debug|Any CPU
		{77DB442D-D3D0-449C-A7A1-22A47F716357}.Debug|ARM.ActiveCfg = Debug|Any CPU
		{77DB442D-D3D0-449C-A7A1-22A47F716357}.Debug|iPhone.ActiveCfg = Debug|Any CPU
		{77DB442D-D3D0-449C-A7A1-22A47F716357}.Debug|iPhoneSimulator.ActiveCfg = Debug|Any CPU
		{77DB442D-D3D0-449C-A7A1-22A47F716357}.Debug|Mixed Platforms.ActiveCfg = Debug|Any CPU
		{77DB442D-D3D0-449C-A7A1-22A47F716357}.Debug|Mixed Platforms.Build.0 = Debug|Any CPU
		{77DB442D-D3D0-449C-A7A1-22A47F716357}.Debug|x64.ActiveCfg = Debug|Any CPU
		{77DB442D-D3D0-449C-A7A1-22A47F716357}.Debug|x86.ActiveCfg = Debug|Any CPU
		{77DB442D-D3D0-449C-A7A1-22A47F716357}.Release|Any CPU.ActiveCfg = Release|Any CPU
		{77DB442D-D3D0-449C-A7A1-22A47F716357}.Release|Any CPU.Build.0 = Release|Any CPU
		{77DB442D-D3D0-449C-A7A1-22A47F716357}.Release|ARM.ActiveCfg = Release|Any CPU
		{77DB442D-D3D0-449C-A7A1-22A47F716357}.Release|iPhone.ActiveCfg = Release|Any CPU
		{77DB442D-D3D0-449C-A7A1-22A47F716357}.Release|iPhoneSimulator.ActiveCfg = Release|Any CPU
		{77DB442D-D3D0-449C-A7A1-22A47F716357}.Release|Mixed Platforms.ActiveCfg = Release|Any CPU
		{77DB442D-D3D0-449C-A7A1-22A47F716357}.Release|Mixed Platforms.Build.0 = Release|Any CPU
		{77DB442D-D3D0-449C-A7A1-22A47F716357}.Release|x64.ActiveCfg = Release|Any CPU
		{77DB442D-D3D0-449C-A7A1-22A47F716357}.Release|x86.ActiveCfg = Release|Any CPU
		{3C047FE4-18FB-4BFC-BD87-902E36D18683}.Ad-Hoc|Any CPU.ActiveCfg = Release|Any CPU
		{3C047FE4-18FB-4BFC-BD87-902E36D18683}.Ad-Hoc|Any CPU.Build.0 = Release|Any CPU
		{3C047FE4-18FB-4BFC-BD87-902E36D18683}.Ad-Hoc|ARM.ActiveCfg = Release|Any CPU
		{3C047FE4-18FB-4BFC-BD87-902E36D18683}.Ad-Hoc|iPhone.ActiveCfg = Release|Any CPU
		{3C047FE4-18FB-4BFC-BD87-902E36D18683}.Ad-Hoc|iPhoneSimulator.ActiveCfg = Release|Any CPU
		{3C047FE4-18FB-4BFC-BD87-902E36D18683}.Ad-Hoc|Mixed Platforms.ActiveCfg = Release|Any CPU
		{3C047FE4-18FB-4BFC-BD87-902E36D18683}.Ad-Hoc|Mixed Platforms.Build.0 = Release|Any CPU
		{3C047FE4-18FB-4BFC-BD87-902E36D18683}.Ad-Hoc|x64.ActiveCfg = Release|Any CPU
		{3C047FE4-18FB-4BFC-BD87-902E36D18683}.Ad-Hoc|x86.ActiveCfg = Release|Any CPU
		{3C047FE4-18FB-4BFC-BD87-902E36D18683}.AppStore|Any CPU.ActiveCfg = Release|Any CPU
		{3C047FE4-18FB-4BFC-BD87-902E36D18683}.AppStore|Any CPU.Build.0 = Release|Any CPU
		{3C047FE4-18FB-4BFC-BD87-902E36D18683}.AppStore|ARM.ActiveCfg = Release|Any CPU
		{3C047FE4-18FB-4BFC-BD87-902E36D18683}.AppStore|iPhone.ActiveCfg = Release|Any CPU
		{3C047FE4-18FB-4BFC-BD87-902E36D18683}.AppStore|iPhoneSimulator.ActiveCfg = Release|Any CPU
		{3C047FE4-18FB-4BFC-BD87-902E36D18683}.AppStore|Mixed Platforms.ActiveCfg = Release|Any CPU
		{3C047FE4-18FB-4BFC-BD87-902E36D18683}.AppStore|Mixed Platforms.Build.0 = Release|Any CPU
		{3C047FE4-18FB-4BFC-BD87-902E36D18683}.AppStore|x64.ActiveCfg = Release|Any CPU
		{3C047FE4-18FB-4BFC-BD87-902E36D18683}.AppStore|x86.ActiveCfg = Release|Any CPU
		{3C047FE4-18FB-4BFC-BD87-902E36D18683}.Debug|Any CPU.ActiveCfg = Debug|Any CPU
		{3C047FE4-18FB-4BFC-BD87-902E36D18683}.Debug|Any CPU.Build.0 = Debug|Any CPU
		{3C047FE4-18FB-4BFC-BD87-902E36D18683}.Debug|ARM.ActiveCfg = Debug|Any CPU
		{3C047FE4-18FB-4BFC-BD87-902E36D18683}.Debug|iPhone.ActiveCfg = Debug|Any CPU
		{3C047FE4-18FB-4BFC-BD87-902E36D18683}.Debug|iPhoneSimulator.ActiveCfg = Debug|Any CPU
		{3C047FE4-18FB-4BFC-BD87-902E36D18683}.Debug|Mixed Platforms.ActiveCfg = Debug|Any CPU
		{3C047FE4-18FB-4BFC-BD87-902E36D18683}.Debug|Mixed Platforms.Build.0 = Debug|Any CPU
		{3C047FE4-18FB-4BFC-BD87-902E36D18683}.Debug|x64.ActiveCfg = Debug|Any CPU
		{3C047FE4-18FB-4BFC-BD87-902E36D18683}.Debug|x86.ActiveCfg = Debug|Any CPU
		{3C047FE4-18FB-4BFC-BD87-902E36D18683}.Release|Any CPU.ActiveCfg = Release|Any CPU
		{3C047FE4-18FB-4BFC-BD87-902E36D18683}.Release|Any CPU.Build.0 = Release|Any CPU
		{3C047FE4-18FB-4BFC-BD87-902E36D18683}.Release|ARM.ActiveCfg = Release|Any CPU
		{3C047FE4-18FB-4BFC-BD87-902E36D18683}.Release|iPhone.ActiveCfg = Release|Any CPU
		{3C047FE4-18FB-4BFC-BD87-902E36D18683}.Release|iPhoneSimulator.ActiveCfg = Release|Any CPU
		{3C047FE4-18FB-4BFC-BD87-902E36D18683}.Release|Mixed Platforms.ActiveCfg = Release|Any CPU
		{3C047FE4-18FB-4BFC-BD87-902E36D18683}.Release|Mixed Platforms.Build.0 = Release|Any CPU
		{3C047FE4-18FB-4BFC-BD87-902E36D18683}.Release|x64.ActiveCfg = Release|Any CPU
		{3C047FE4-18FB-4BFC-BD87-902E36D18683}.Release|x86.ActiveCfg = Release|Any CPU
		{056E24E2-604C-4834-BB49-0A36080CFC55}.Ad-Hoc|Any CPU.ActiveCfg = Release|Any CPU
		{056E24E2-604C-4834-BB49-0A36080CFC55}.Ad-Hoc|Any CPU.Build.0 = Release|Any CPU
		{056E24E2-604C-4834-BB49-0A36080CFC55}.Ad-Hoc|ARM.ActiveCfg = Release|Any CPU
		{056E24E2-604C-4834-BB49-0A36080CFC55}.Ad-Hoc|iPhone.ActiveCfg = Release|Any CPU
		{056E24E2-604C-4834-BB49-0A36080CFC55}.Ad-Hoc|iPhoneSimulator.ActiveCfg = Release|Any CPU
		{056E24E2-604C-4834-BB49-0A36080CFC55}.Ad-Hoc|Mixed Platforms.ActiveCfg = Release|Any CPU
		{056E24E2-604C-4834-BB49-0A36080CFC55}.Ad-Hoc|Mixed Platforms.Build.0 = Release|Any CPU
		{056E24E2-604C-4834-BB49-0A36080CFC55}.Ad-Hoc|x64.ActiveCfg = Release|Any CPU
		{056E24E2-604C-4834-BB49-0A36080CFC55}.Ad-Hoc|x86.ActiveCfg = Release|Any CPU
		{056E24E2-604C-4834-BB49-0A36080CFC55}.AppStore|Any CPU.ActiveCfg = Release|Any CPU
		{056E24E2-604C-4834-BB49-0A36080CFC55}.AppStore|Any CPU.Build.0 = Release|Any CPU
		{056E24E2-604C-4834-BB49-0A36080CFC55}.AppStore|ARM.ActiveCfg = Release|Any CPU
		{056E24E2-604C-4834-BB49-0A36080CFC55}.AppStore|iPhone.ActiveCfg = Release|Any CPU
		{056E24E2-604C-4834-BB49-0A36080CFC55}.AppStore|iPhoneSimulator.ActiveCfg = Release|Any CPU
		{056E24E2-604C-4834-BB49-0A36080CFC55}.AppStore|Mixed Platforms.ActiveCfg = Release|Any CPU
		{056E24E2-604C-4834-BB49-0A36080CFC55}.AppStore|Mixed Platforms.Build.0 = Release|Any CPU
		{056E24E2-604C-4834-BB49-0A36080CFC55}.AppStore|x64.ActiveCfg = Release|Any CPU
		{056E24E2-604C-4834-BB49-0A36080CFC55}.AppStore|x86.ActiveCfg = Release|Any CPU
		{056E24E2-604C-4834-BB49-0A36080CFC55}.Debug|Any CPU.ActiveCfg = Debug|Any CPU
		{056E24E2-604C-4834-BB49-0A36080CFC55}.Debug|Any CPU.Build.0 = Debug|Any CPU
		{056E24E2-604C-4834-BB49-0A36080CFC55}.Debug|ARM.ActiveCfg = Debug|Any CPU
		{056E24E2-604C-4834-BB49-0A36080CFC55}.Debug|iPhone.ActiveCfg = Debug|Any CPU
		{056E24E2-604C-4834-BB49-0A36080CFC55}.Debug|iPhoneSimulator.ActiveCfg = Debug|Any CPU
		{056E24E2-604C-4834-BB49-0A36080CFC55}.Debug|Mixed Platforms.ActiveCfg = Debug|Any CPU
		{056E24E2-604C-4834-BB49-0A36080CFC55}.Debug|Mixed Platforms.Build.0 = Debug|Any CPU
		{056E24E2-604C-4834-BB49-0A36080CFC55}.Debug|x64.ActiveCfg = Debug|Any CPU
		{056E24E2-604C-4834-BB49-0A36080CFC55}.Debug|x86.ActiveCfg = Debug|Any CPU
		{056E24E2-604C-4834-BB49-0A36080CFC55}.Release|Any CPU.ActiveCfg = Release|Any CPU
		{056E24E2-604C-4834-BB49-0A36080CFC55}.Release|Any CPU.Build.0 = Release|Any CPU
		{056E24E2-604C-4834-BB49-0A36080CFC55}.Release|ARM.ActiveCfg = Release|Any CPU
		{056E24E2-604C-4834-BB49-0A36080CFC55}.Release|iPhone.ActiveCfg = Release|Any CPU
		{056E24E2-604C-4834-BB49-0A36080CFC55}.Release|iPhoneSimulator.ActiveCfg = Release|Any CPU
		{056E24E2-604C-4834-BB49-0A36080CFC55}.Release|Mixed Platforms.ActiveCfg = Release|Any CPU
		{056E24E2-604C-4834-BB49-0A36080CFC55}.Release|Mixed Platforms.Build.0 = Release|Any CPU
		{056E24E2-604C-4834-BB49-0A36080CFC55}.Release|x64.ActiveCfg = Release|Any CPU
		{056E24E2-604C-4834-BB49-0A36080CFC55}.Release|x86.ActiveCfg = Release|Any CPU
		{376EE048-E5CF-4F7F-B129-1D5C1454CA39}.Ad-Hoc|Any CPU.ActiveCfg = Release|Any CPU
		{376EE048-E5CF-4F7F-B129-1D5C1454CA39}.Ad-Hoc|Any CPU.Build.0 = Release|Any CPU
		{376EE048-E5CF-4F7F-B129-1D5C1454CA39}.Ad-Hoc|ARM.ActiveCfg = Release|Any CPU
		{376EE048-E5CF-4F7F-B129-1D5C1454CA39}.Ad-Hoc|iPhone.ActiveCfg = Release|Any CPU
		{376EE048-E5CF-4F7F-B129-1D5C1454CA39}.Ad-Hoc|iPhoneSimulator.ActiveCfg = Release|Any CPU
		{376EE048-E5CF-4F7F-B129-1D5C1454CA39}.Ad-Hoc|Mixed Platforms.ActiveCfg = Release|Any CPU
		{376EE048-E5CF-4F7F-B129-1D5C1454CA39}.Ad-Hoc|Mixed Platforms.Build.0 = Release|Any CPU
		{376EE048-E5CF-4F7F-B129-1D5C1454CA39}.Ad-Hoc|x64.ActiveCfg = Release|Any CPU
		{376EE048-E5CF-4F7F-B129-1D5C1454CA39}.Ad-Hoc|x86.ActiveCfg = Release|Any CPU
		{376EE048-E5CF-4F7F-B129-1D5C1454CA39}.AppStore|Any CPU.ActiveCfg = Release|Any CPU
		{376EE048-E5CF-4F7F-B129-1D5C1454CA39}.AppStore|Any CPU.Build.0 = Release|Any CPU
		{376EE048-E5CF-4F7F-B129-1D5C1454CA39}.AppStore|ARM.ActiveCfg = Release|Any CPU
		{376EE048-E5CF-4F7F-B129-1D5C1454CA39}.AppStore|iPhone.ActiveCfg = Release|Any CPU
		{376EE048-E5CF-4F7F-B129-1D5C1454CA39}.AppStore|iPhoneSimulator.ActiveCfg = Release|Any CPU
		{376EE048-E5CF-4F7F-B129-1D5C1454CA39}.AppStore|Mixed Platforms.ActiveCfg = Release|Any CPU
		{376EE048-E5CF-4F7F-B129-1D5C1454CA39}.AppStore|Mixed Platforms.Build.0 = Release|Any CPU
		{376EE048-E5CF-4F7F-B129-1D5C1454CA39}.AppStore|x64.ActiveCfg = Release|Any CPU
		{376EE048-E5CF-4F7F-B129-1D5C1454CA39}.AppStore|x86.ActiveCfg = Release|Any CPU
		{376EE048-E5CF-4F7F-B129-1D5C1454CA39}.Debug|Any CPU.ActiveCfg = Debug|Any CPU
		{376EE048-E5CF-4F7F-B129-1D5C1454CA39}.Debug|Any CPU.Build.0 = Debug|Any CPU
		{376EE048-E5CF-4F7F-B129-1D5C1454CA39}.Debug|ARM.ActiveCfg = Debug|Any CPU
		{376EE048-E5CF-4F7F-B129-1D5C1454CA39}.Debug|iPhone.ActiveCfg = Debug|Any CPU
		{376EE048-E5CF-4F7F-B129-1D5C1454CA39}.Debug|iPhoneSimulator.ActiveCfg = Debug|Any CPU
		{376EE048-E5CF-4F7F-B129-1D5C1454CA39}.Debug|Mixed Platforms.ActiveCfg = Debug|Any CPU
		{376EE048-E5CF-4F7F-B129-1D5C1454CA39}.Debug|Mixed Platforms.Build.0 = Debug|Any CPU
		{376EE048-E5CF-4F7F-B129-1D5C1454CA39}.Debug|x64.ActiveCfg = Debug|Any CPU
		{376EE048-E5CF-4F7F-B129-1D5C1454CA39}.Debug|x86.ActiveCfg = Debug|Any CPU
		{376EE048-E5CF-4F7F-B129-1D5C1454CA39}.Release|Any CPU.ActiveCfg = Release|Any CPU
		{376EE048-E5CF-4F7F-B129-1D5C1454CA39}.Release|Any CPU.Build.0 = Release|Any CPU
		{376EE048-E5CF-4F7F-B129-1D5C1454CA39}.Release|ARM.ActiveCfg = Release|Any CPU
		{376EE048-E5CF-4F7F-B129-1D5C1454CA39}.Release|iPhone.ActiveCfg = Release|Any CPU
		{376EE048-E5CF-4F7F-B129-1D5C1454CA39}.Release|iPhoneSimulator.ActiveCfg = Release|Any CPU
		{376EE048-E5CF-4F7F-B129-1D5C1454CA39}.Release|Mixed Platforms.ActiveCfg = Release|Any CPU
		{376EE048-E5CF-4F7F-B129-1D5C1454CA39}.Release|Mixed Platforms.Build.0 = Release|Any CPU
		{376EE048-E5CF-4F7F-B129-1D5C1454CA39}.Release|x64.ActiveCfg = Release|Any CPU
		{376EE048-E5CF-4F7F-B129-1D5C1454CA39}.Release|x86.ActiveCfg = Release|Any CPU
		{A651BBC4-906D-4A4B-97FC-D327946FB87E}.Ad-Hoc|Any CPU.ActiveCfg = Release|Any CPU
		{A651BBC4-906D-4A4B-97FC-D327946FB87E}.Ad-Hoc|Any CPU.Build.0 = Release|Any CPU
		{A651BBC4-906D-4A4B-97FC-D327946FB87E}.Ad-Hoc|ARM.ActiveCfg = Release|Any CPU
		{A651BBC4-906D-4A4B-97FC-D327946FB87E}.Ad-Hoc|iPhone.ActiveCfg = Release|Any CPU
		{A651BBC4-906D-4A4B-97FC-D327946FB87E}.Ad-Hoc|iPhoneSimulator.ActiveCfg = Release|Any CPU
		{A651BBC4-906D-4A4B-97FC-D327946FB87E}.Ad-Hoc|Mixed Platforms.ActiveCfg = Release|Any CPU
		{A651BBC4-906D-4A4B-97FC-D327946FB87E}.Ad-Hoc|Mixed Platforms.Build.0 = Release|Any CPU
		{A651BBC4-906D-4A4B-97FC-D327946FB87E}.Ad-Hoc|x64.ActiveCfg = Release|Any CPU
		{A651BBC4-906D-4A4B-97FC-D327946FB87E}.Ad-Hoc|x86.ActiveCfg = Release|Any CPU
		{A651BBC4-906D-4A4B-97FC-D327946FB87E}.AppStore|Any CPU.ActiveCfg = Release|Any CPU
		{A651BBC4-906D-4A4B-97FC-D327946FB87E}.AppStore|Any CPU.Build.0 = Release|Any CPU
		{A651BBC4-906D-4A4B-97FC-D327946FB87E}.AppStore|ARM.ActiveCfg = Release|Any CPU
		{A651BBC4-906D-4A4B-97FC-D327946FB87E}.AppStore|iPhone.ActiveCfg = Release|Any CPU
		{A651BBC4-906D-4A4B-97FC-D327946FB87E}.AppStore|iPhoneSimulator.ActiveCfg = Release|Any CPU
		{A651BBC4-906D-4A4B-97FC-D327946FB87E}.AppStore|Mixed Platforms.ActiveCfg = Release|Any CPU
		{A651BBC4-906D-4A4B-97FC-D327946FB87E}.AppStore|Mixed Platforms.Build.0 = Release|Any CPU
		{A651BBC4-906D-4A4B-97FC-D327946FB87E}.AppStore|x64.ActiveCfg = Release|Any CPU
		{A651BBC4-906D-4A4B-97FC-D327946FB87E}.AppStore|x86.ActiveCfg = Release|Any CPU
		{A651BBC4-906D-4A4B-97FC-D327946FB87E}.Debug|Any CPU.ActiveCfg = Debug|Any CPU
		{A651BBC4-906D-4A4B-97FC-D327946FB87E}.Debug|Any CPU.Build.0 = Debug|Any CPU
		{A651BBC4-906D-4A4B-97FC-D327946FB87E}.Debug|ARM.ActiveCfg = Debug|Any CPU
		{A651BBC4-906D-4A4B-97FC-D327946FB87E}.Debug|iPhone.ActiveCfg = Debug|Any CPU
		{A651BBC4-906D-4A4B-97FC-D327946FB87E}.Debug|iPhoneSimulator.ActiveCfg = Debug|Any CPU
		{A651BBC4-906D-4A4B-97FC-D327946FB87E}.Debug|Mixed Platforms.ActiveCfg = Debug|Any CPU
		{A651BBC4-906D-4A4B-97FC-D327946FB87E}.Debug|Mixed Platforms.Build.0 = Debug|Any CPU
		{A651BBC4-906D-4A4B-97FC-D327946FB87E}.Debug|x64.ActiveCfg = Debug|Any CPU
		{A651BBC4-906D-4A4B-97FC-D327946FB87E}.Debug|x86.ActiveCfg = Debug|Any CPU
		{A651BBC4-906D-4A4B-97FC-D327946FB87E}.Release|Any CPU.ActiveCfg = Release|Any CPU
		{A651BBC4-906D-4A4B-97FC-D327946FB87E}.Release|Any CPU.Build.0 = Release|Any CPU
		{A651BBC4-906D-4A4B-97FC-D327946FB87E}.Release|ARM.ActiveCfg = Release|Any CPU
		{A651BBC4-906D-4A4B-97FC-D327946FB87E}.Release|iPhone.ActiveCfg = Release|Any CPU
		{A651BBC4-906D-4A4B-97FC-D327946FB87E}.Release|iPhoneSimulator.ActiveCfg = Release|Any CPU
		{A651BBC4-906D-4A4B-97FC-D327946FB87E}.Release|Mixed Platforms.ActiveCfg = Release|Any CPU
		{A651BBC4-906D-4A4B-97FC-D327946FB87E}.Release|Mixed Platforms.Build.0 = Release|Any CPU
		{A651BBC4-906D-4A4B-97FC-D327946FB87E}.Release|x64.ActiveCfg = Release|Any CPU
		{A651BBC4-906D-4A4B-97FC-D327946FB87E}.Release|x86.ActiveCfg = Release|Any CPU
		{5B72CB09-9CB2-4821-8056-A041C3E52735}.Ad-Hoc|Any CPU.ActiveCfg = Release|Any CPU
		{5B72CB09-9CB2-4821-8056-A041C3E52735}.Ad-Hoc|Any CPU.Build.0 = Release|Any CPU
		{5B72CB09-9CB2-4821-8056-A041C3E52735}.Ad-Hoc|ARM.ActiveCfg = Release|Any CPU
		{5B72CB09-9CB2-4821-8056-A041C3E52735}.Ad-Hoc|iPhone.ActiveCfg = Release|Any CPU
		{5B72CB09-9CB2-4821-8056-A041C3E52735}.Ad-Hoc|iPhoneSimulator.ActiveCfg = Release|Any CPU
		{5B72CB09-9CB2-4821-8056-A041C3E52735}.Ad-Hoc|Mixed Platforms.ActiveCfg = Release|Any CPU
		{5B72CB09-9CB2-4821-8056-A041C3E52735}.Ad-Hoc|Mixed Platforms.Build.0 = Release|Any CPU
		{5B72CB09-9CB2-4821-8056-A041C3E52735}.Ad-Hoc|x64.ActiveCfg = Release|Any CPU
		{5B72CB09-9CB2-4821-8056-A041C3E52735}.Ad-Hoc|x86.ActiveCfg = Release|Any CPU
		{5B72CB09-9CB2-4821-8056-A041C3E52735}.AppStore|Any CPU.ActiveCfg = Release|Any CPU
		{5B72CB09-9CB2-4821-8056-A041C3E52735}.AppStore|Any CPU.Build.0 = Release|Any CPU
		{5B72CB09-9CB2-4821-8056-A041C3E52735}.AppStore|ARM.ActiveCfg = Release|Any CPU
		{5B72CB09-9CB2-4821-8056-A041C3E52735}.AppStore|iPhone.ActiveCfg = Release|Any CPU
		{5B72CB09-9CB2-4821-8056-A041C3E52735}.AppStore|iPhoneSimulator.ActiveCfg = Release|Any CPU
		{5B72CB09-9CB2-4821-8056-A041C3E52735}.AppStore|Mixed Platforms.ActiveCfg = Release|Any CPU
		{5B72CB09-9CB2-4821-8056-A041C3E52735}.AppStore|Mixed Platforms.Build.0 = Release|Any CPU
		{5B72CB09-9CB2-4821-8056-A041C3E52735}.AppStore|x64.ActiveCfg = Release|Any CPU
		{5B72CB09-9CB2-4821-8056-A041C3E52735}.AppStore|x86.ActiveCfg = Release|Any CPU
		{5B72CB09-9CB2-4821-8056-A041C3E52735}.Debug|Any CPU.ActiveCfg = Debug|Any CPU
		{5B72CB09-9CB2-4821-8056-A041C3E52735}.Debug|Any CPU.Build.0 = Debug|Any CPU
		{5B72CB09-9CB2-4821-8056-A041C3E52735}.Debug|ARM.ActiveCfg = Debug|Any CPU
		{5B72CB09-9CB2-4821-8056-A041C3E52735}.Debug|iPhone.ActiveCfg = Debug|Any CPU
		{5B72CB09-9CB2-4821-8056-A041C3E52735}.Debug|iPhoneSimulator.ActiveCfg = Debug|Any CPU
		{5B72CB09-9CB2-4821-8056-A041C3E52735}.Debug|Mixed Platforms.ActiveCfg = Debug|Any CPU
		{5B72CB09-9CB2-4821-8056-A041C3E52735}.Debug|Mixed Platforms.Build.0 = Debug|Any CPU
		{5B72CB09-9CB2-4821-8056-A041C3E52735}.Debug|x64.ActiveCfg = Debug|Any CPU
		{5B72CB09-9CB2-4821-8056-A041C3E52735}.Debug|x86.ActiveCfg = Debug|Any CPU
		{5B72CB09-9CB2-4821-8056-A041C3E52735}.Release|Any CPU.ActiveCfg = Release|Any CPU
		{5B72CB09-9CB2-4821-8056-A041C3E52735}.Release|Any CPU.Build.0 = Release|Any CPU
		{5B72CB09-9CB2-4821-8056-A041C3E52735}.Release|ARM.ActiveCfg = Release|Any CPU
		{5B72CB09-9CB2-4821-8056-A041C3E52735}.Release|iPhone.ActiveCfg = Release|Any CPU
		{5B72CB09-9CB2-4821-8056-A041C3E52735}.Release|iPhoneSimulator.ActiveCfg = Release|Any CPU
		{5B72CB09-9CB2-4821-8056-A041C3E52735}.Release|Mixed Platforms.ActiveCfg = Release|Any CPU
		{5B72CB09-9CB2-4821-8056-A041C3E52735}.Release|Mixed Platforms.Build.0 = Release|Any CPU
		{5B72CB09-9CB2-4821-8056-A041C3E52735}.Release|x64.ActiveCfg = Release|Any CPU
		{5B72CB09-9CB2-4821-8056-A041C3E52735}.Release|x86.ActiveCfg = Release|Any CPU
		{650AB8A8-0A08-49C3-8B6E-08EA97133A5B}.Ad-Hoc|Any CPU.ActiveCfg = Release|Any CPU
		{650AB8A8-0A08-49C3-8B6E-08EA97133A5B}.Ad-Hoc|Any CPU.Build.0 = Release|Any CPU
		{650AB8A8-0A08-49C3-8B6E-08EA97133A5B}.Ad-Hoc|ARM.ActiveCfg = Release|Any CPU
		{650AB8A8-0A08-49C3-8B6E-08EA97133A5B}.Ad-Hoc|iPhone.ActiveCfg = Release|Any CPU
		{650AB8A8-0A08-49C3-8B6E-08EA97133A5B}.Ad-Hoc|iPhoneSimulator.ActiveCfg = Release|Any CPU
		{650AB8A8-0A08-49C3-8B6E-08EA97133A5B}.Ad-Hoc|Mixed Platforms.ActiveCfg = Release|Any CPU
		{650AB8A8-0A08-49C3-8B6E-08EA97133A5B}.Ad-Hoc|Mixed Platforms.Build.0 = Release|Any CPU
		{650AB8A8-0A08-49C3-8B6E-08EA97133A5B}.Ad-Hoc|x64.ActiveCfg = Release|Any CPU
		{650AB8A8-0A08-49C3-8B6E-08EA97133A5B}.Ad-Hoc|x86.ActiveCfg = Release|Any CPU
		{650AB8A8-0A08-49C3-8B6E-08EA97133A5B}.AppStore|Any CPU.ActiveCfg = Release|Any CPU
		{650AB8A8-0A08-49C3-8B6E-08EA97133A5B}.AppStore|Any CPU.Build.0 = Release|Any CPU
		{650AB8A8-0A08-49C3-8B6E-08EA97133A5B}.AppStore|ARM.ActiveCfg = Release|Any CPU
		{650AB8A8-0A08-49C3-8B6E-08EA97133A5B}.AppStore|iPhone.ActiveCfg = Release|Any CPU
		{650AB8A8-0A08-49C3-8B6E-08EA97133A5B}.AppStore|iPhoneSimulator.ActiveCfg = Release|Any CPU
		{650AB8A8-0A08-49C3-8B6E-08EA97133A5B}.AppStore|Mixed Platforms.ActiveCfg = Release|Any CPU
		{650AB8A8-0A08-49C3-8B6E-08EA97133A5B}.AppStore|Mixed Platforms.Build.0 = Release|Any CPU
		{650AB8A8-0A08-49C3-8B6E-08EA97133A5B}.AppStore|x64.ActiveCfg = Release|Any CPU
		{650AB8A8-0A08-49C3-8B6E-08EA97133A5B}.AppStore|x86.ActiveCfg = Release|Any CPU
		{650AB8A8-0A08-49C3-8B6E-08EA97133A5B}.Debug|Any CPU.ActiveCfg = Debug|Any CPU
		{650AB8A8-0A08-49C3-8B6E-08EA97133A5B}.Debug|Any CPU.Build.0 = Debug|Any CPU
		{650AB8A8-0A08-49C3-8B6E-08EA97133A5B}.Debug|ARM.ActiveCfg = Debug|Any CPU
		{650AB8A8-0A08-49C3-8B6E-08EA97133A5B}.Debug|iPhone.ActiveCfg = Debug|Any CPU
		{650AB8A8-0A08-49C3-8B6E-08EA97133A5B}.Debug|iPhoneSimulator.ActiveCfg = Debug|Any CPU
		{650AB8A8-0A08-49C3-8B6E-08EA97133A5B}.Debug|Mixed Platforms.ActiveCfg = Debug|Any CPU
		{650AB8A8-0A08-49C3-8B6E-08EA97133A5B}.Debug|Mixed Platforms.Build.0 = Debug|Any CPU
		{650AB8A8-0A08-49C3-8B6E-08EA97133A5B}.Debug|x64.ActiveCfg = Debug|Any CPU
		{650AB8A8-0A08-49C3-8B6E-08EA97133A5B}.Debug|x86.ActiveCfg = Debug|Any CPU
		{650AB8A8-0A08-49C3-8B6E-08EA97133A5B}.Release|Any CPU.ActiveCfg = Release|Any CPU
		{650AB8A8-0A08-49C3-8B6E-08EA97133A5B}.Release|Any CPU.Build.0 = Release|Any CPU
		{650AB8A8-0A08-49C3-8B6E-08EA97133A5B}.Release|ARM.ActiveCfg = Release|Any CPU
		{650AB8A8-0A08-49C3-8B6E-08EA97133A5B}.Release|iPhone.ActiveCfg = Release|Any CPU
		{650AB8A8-0A08-49C3-8B6E-08EA97133A5B}.Release|iPhoneSimulator.ActiveCfg = Release|Any CPU
		{650AB8A8-0A08-49C3-8B6E-08EA97133A5B}.Release|Mixed Platforms.ActiveCfg = Release|Any CPU
		{650AB8A8-0A08-49C3-8B6E-08EA97133A5B}.Release|Mixed Platforms.Build.0 = Release|Any CPU
		{650AB8A8-0A08-49C3-8B6E-08EA97133A5B}.Release|x64.ActiveCfg = Release|Any CPU
		{650AB8A8-0A08-49C3-8B6E-08EA97133A5B}.Release|x86.ActiveCfg = Release|Any CPU
		{D581A789-F394-4622-A54F-CB23A4139970}.Ad-Hoc|Any CPU.ActiveCfg = Release|Any CPU
		{D581A789-F394-4622-A54F-CB23A4139970}.Ad-Hoc|Any CPU.Build.0 = Release|Any CPU
		{D581A789-F394-4622-A54F-CB23A4139970}.Ad-Hoc|ARM.ActiveCfg = Release|Any CPU
		{D581A789-F394-4622-A54F-CB23A4139970}.Ad-Hoc|iPhone.ActiveCfg = Release|Any CPU
		{D581A789-F394-4622-A54F-CB23A4139970}.Ad-Hoc|iPhoneSimulator.ActiveCfg = Release|Any CPU
		{D581A789-F394-4622-A54F-CB23A4139970}.Ad-Hoc|Mixed Platforms.ActiveCfg = Release|Any CPU
		{D581A789-F394-4622-A54F-CB23A4139970}.Ad-Hoc|Mixed Platforms.Build.0 = Release|Any CPU
		{D581A789-F394-4622-A54F-CB23A4139970}.Ad-Hoc|x64.ActiveCfg = Release|Any CPU
		{D581A789-F394-4622-A54F-CB23A4139970}.Ad-Hoc|x86.ActiveCfg = Release|Any CPU
		{D581A789-F394-4622-A54F-CB23A4139970}.AppStore|Any CPU.ActiveCfg = Release|Any CPU
		{D581A789-F394-4622-A54F-CB23A4139970}.AppStore|Any CPU.Build.0 = Release|Any CPU
		{D581A789-F394-4622-A54F-CB23A4139970}.AppStore|ARM.ActiveCfg = Release|Any CPU
		{D581A789-F394-4622-A54F-CB23A4139970}.AppStore|iPhone.ActiveCfg = Release|Any CPU
		{D581A789-F394-4622-A54F-CB23A4139970}.AppStore|iPhoneSimulator.ActiveCfg = Release|Any CPU
		{D581A789-F394-4622-A54F-CB23A4139970}.AppStore|Mixed Platforms.ActiveCfg = Release|Any CPU
		{D581A789-F394-4622-A54F-CB23A4139970}.AppStore|Mixed Platforms.Build.0 = Release|Any CPU
		{D581A789-F394-4622-A54F-CB23A4139970}.AppStore|x64.ActiveCfg = Release|Any CPU
		{D581A789-F394-4622-A54F-CB23A4139970}.AppStore|x86.ActiveCfg = Release|Any CPU
		{D581A789-F394-4622-A54F-CB23A4139970}.Debug|Any CPU.ActiveCfg = Debug|Any CPU
		{D581A789-F394-4622-A54F-CB23A4139970}.Debug|Any CPU.Build.0 = Debug|Any CPU
		{D581A789-F394-4622-A54F-CB23A4139970}.Debug|ARM.ActiveCfg = Debug|Any CPU
		{D581A789-F394-4622-A54F-CB23A4139970}.Debug|iPhone.ActiveCfg = Debug|Any CPU
		{D581A789-F394-4622-A54F-CB23A4139970}.Debug|iPhoneSimulator.ActiveCfg = Debug|Any CPU
		{D581A789-F394-4622-A54F-CB23A4139970}.Debug|Mixed Platforms.ActiveCfg = Debug|Any CPU
		{D581A789-F394-4622-A54F-CB23A4139970}.Debug|Mixed Platforms.Build.0 = Debug|Any CPU
		{D581A789-F394-4622-A54F-CB23A4139970}.Debug|x64.ActiveCfg = Debug|Any CPU
		{D581A789-F394-4622-A54F-CB23A4139970}.Debug|x86.ActiveCfg = Debug|Any CPU
		{D581A789-F394-4622-A54F-CB23A4139970}.Release|Any CPU.ActiveCfg = Release|Any CPU
		{D581A789-F394-4622-A54F-CB23A4139970}.Release|Any CPU.Build.0 = Release|Any CPU
		{D581A789-F394-4622-A54F-CB23A4139970}.Release|ARM.ActiveCfg = Release|Any CPU
		{D581A789-F394-4622-A54F-CB23A4139970}.Release|iPhone.ActiveCfg = Release|Any CPU
		{D581A789-F394-4622-A54F-CB23A4139970}.Release|iPhoneSimulator.ActiveCfg = Release|Any CPU
		{D581A789-F394-4622-A54F-CB23A4139970}.Release|Mixed Platforms.ActiveCfg = Release|Any CPU
		{D581A789-F394-4622-A54F-CB23A4139970}.Release|Mixed Platforms.Build.0 = Release|Any CPU
		{D581A789-F394-4622-A54F-CB23A4139970}.Release|x64.ActiveCfg = Release|Any CPU
		{D581A789-F394-4622-A54F-CB23A4139970}.Release|x86.ActiveCfg = Release|Any CPU
		{9ED45E8C-4E0E-4797-999D-4C42D378930E}.Ad-Hoc|Any CPU.ActiveCfg = Release|Any CPU
		{9ED45E8C-4E0E-4797-999D-4C42D378930E}.Ad-Hoc|Any CPU.Build.0 = Release|Any CPU
		{9ED45E8C-4E0E-4797-999D-4C42D378930E}.Ad-Hoc|Any CPU.Deploy.0 = Release|Any CPU
		{9ED45E8C-4E0E-4797-999D-4C42D378930E}.Ad-Hoc|ARM.ActiveCfg = Release|Any CPU
		{9ED45E8C-4E0E-4797-999D-4C42D378930E}.Ad-Hoc|iPhone.ActiveCfg = Release|Any CPU
		{9ED45E8C-4E0E-4797-999D-4C42D378930E}.Ad-Hoc|iPhoneSimulator.ActiveCfg = Release|Any CPU
		{9ED45E8C-4E0E-4797-999D-4C42D378930E}.Ad-Hoc|Mixed Platforms.ActiveCfg = Release|Any CPU
		{9ED45E8C-4E0E-4797-999D-4C42D378930E}.Ad-Hoc|Mixed Platforms.Build.0 = Release|Any CPU
		{9ED45E8C-4E0E-4797-999D-4C42D378930E}.Ad-Hoc|Mixed Platforms.Deploy.0 = Release|Any CPU
		{9ED45E8C-4E0E-4797-999D-4C42D378930E}.Ad-Hoc|x64.ActiveCfg = Release|Any CPU
		{9ED45E8C-4E0E-4797-999D-4C42D378930E}.Ad-Hoc|x86.ActiveCfg = Release|Any CPU
		{9ED45E8C-4E0E-4797-999D-4C42D378930E}.AppStore|Any CPU.ActiveCfg = Release|Any CPU
		{9ED45E8C-4E0E-4797-999D-4C42D378930E}.AppStore|Any CPU.Build.0 = Release|Any CPU
		{9ED45E8C-4E0E-4797-999D-4C42D378930E}.AppStore|Any CPU.Deploy.0 = Release|Any CPU
		{9ED45E8C-4E0E-4797-999D-4C42D378930E}.AppStore|ARM.ActiveCfg = Release|Any CPU
		{9ED45E8C-4E0E-4797-999D-4C42D378930E}.AppStore|iPhone.ActiveCfg = Release|Any CPU
		{9ED45E8C-4E0E-4797-999D-4C42D378930E}.AppStore|iPhoneSimulator.ActiveCfg = Release|Any CPU
		{9ED45E8C-4E0E-4797-999D-4C42D378930E}.AppStore|Mixed Platforms.ActiveCfg = Release|Any CPU
		{9ED45E8C-4E0E-4797-999D-4C42D378930E}.AppStore|Mixed Platforms.Build.0 = Release|Any CPU
		{9ED45E8C-4E0E-4797-999D-4C42D378930E}.AppStore|Mixed Platforms.Deploy.0 = Release|Any CPU
		{9ED45E8C-4E0E-4797-999D-4C42D378930E}.AppStore|x64.ActiveCfg = Release|Any CPU
		{9ED45E8C-4E0E-4797-999D-4C42D378930E}.AppStore|x86.ActiveCfg = Release|Any CPU
		{9ED45E8C-4E0E-4797-999D-4C42D378930E}.Debug|Any CPU.ActiveCfg = Debug|Any CPU
		{9ED45E8C-4E0E-4797-999D-4C42D378930E}.Debug|Any CPU.Build.0 = Debug|Any CPU
		{9ED45E8C-4E0E-4797-999D-4C42D378930E}.Debug|Any CPU.Deploy.0 = Debug|Any CPU
		{9ED45E8C-4E0E-4797-999D-4C42D378930E}.Debug|ARM.ActiveCfg = Debug|Any CPU
		{9ED45E8C-4E0E-4797-999D-4C42D378930E}.Debug|iPhone.ActiveCfg = Debug|Any CPU
		{9ED45E8C-4E0E-4797-999D-4C42D378930E}.Debug|iPhoneSimulator.ActiveCfg = Debug|Any CPU
		{9ED45E8C-4E0E-4797-999D-4C42D378930E}.Debug|Mixed Platforms.ActiveCfg = Debug|Any CPU
		{9ED45E8C-4E0E-4797-999D-4C42D378930E}.Debug|Mixed Platforms.Build.0 = Debug|Any CPU
		{9ED45E8C-4E0E-4797-999D-4C42D378930E}.Debug|Mixed Platforms.Deploy.0 = Debug|Any CPU
		{9ED45E8C-4E0E-4797-999D-4C42D378930E}.Debug|x64.ActiveCfg = Debug|Any CPU
		{9ED45E8C-4E0E-4797-999D-4C42D378930E}.Debug|x86.ActiveCfg = Debug|Any CPU
		{9ED45E8C-4E0E-4797-999D-4C42D378930E}.Release|Any CPU.ActiveCfg = Release|Any CPU
		{9ED45E8C-4E0E-4797-999D-4C42D378930E}.Release|Any CPU.Build.0 = Release|Any CPU
		{9ED45E8C-4E0E-4797-999D-4C42D378930E}.Release|Any CPU.Deploy.0 = Release|Any CPU
		{9ED45E8C-4E0E-4797-999D-4C42D378930E}.Release|ARM.ActiveCfg = Release|Any CPU
		{9ED45E8C-4E0E-4797-999D-4C42D378930E}.Release|iPhone.ActiveCfg = Release|Any CPU
		{9ED45E8C-4E0E-4797-999D-4C42D378930E}.Release|iPhoneSimulator.ActiveCfg = Release|Any CPU
		{9ED45E8C-4E0E-4797-999D-4C42D378930E}.Release|Mixed Platforms.ActiveCfg = Release|Any CPU
		{9ED45E8C-4E0E-4797-999D-4C42D378930E}.Release|Mixed Platforms.Build.0 = Release|Any CPU
		{9ED45E8C-4E0E-4797-999D-4C42D378930E}.Release|Mixed Platforms.Deploy.0 = Release|Any CPU
		{9ED45E8C-4E0E-4797-999D-4C42D378930E}.Release|x64.ActiveCfg = Release|Any CPU
		{9ED45E8C-4E0E-4797-999D-4C42D378930E}.Release|x86.ActiveCfg = Release|Any CPU
		{B299F950-3464-4239-A17F-1443E0E4FA36}.Ad-Hoc|Any CPU.ActiveCfg = Ad-Hoc|iPhone
		{B299F950-3464-4239-A17F-1443E0E4FA36}.Ad-Hoc|ARM.ActiveCfg = Ad-Hoc|iPhone
		{B299F950-3464-4239-A17F-1443E0E4FA36}.Ad-Hoc|iPhone.ActiveCfg = Ad-Hoc|iPhone
		{B299F950-3464-4239-A17F-1443E0E4FA36}.Ad-Hoc|iPhone.Build.0 = Ad-Hoc|iPhone
		{B299F950-3464-4239-A17F-1443E0E4FA36}.Ad-Hoc|iPhoneSimulator.ActiveCfg = Ad-Hoc|iPhoneSimulator
		{B299F950-3464-4239-A17F-1443E0E4FA36}.Ad-Hoc|iPhoneSimulator.Build.0 = Ad-Hoc|iPhoneSimulator
		{B299F950-3464-4239-A17F-1443E0E4FA36}.Ad-Hoc|Mixed Platforms.ActiveCfg = Ad-Hoc|iPhone
		{B299F950-3464-4239-A17F-1443E0E4FA36}.Ad-Hoc|Mixed Platforms.Build.0 = Ad-Hoc|iPhone
		{B299F950-3464-4239-A17F-1443E0E4FA36}.Ad-Hoc|x64.ActiveCfg = Ad-Hoc|iPhone
		{B299F950-3464-4239-A17F-1443E0E4FA36}.Ad-Hoc|x86.ActiveCfg = Ad-Hoc|iPhone
		{B299F950-3464-4239-A17F-1443E0E4FA36}.AppStore|Any CPU.ActiveCfg = AppStore|iPhone
		{B299F950-3464-4239-A17F-1443E0E4FA36}.AppStore|ARM.ActiveCfg = AppStore|iPhone
		{B299F950-3464-4239-A17F-1443E0E4FA36}.AppStore|iPhone.ActiveCfg = AppStore|iPhone
		{B299F950-3464-4239-A17F-1443E0E4FA36}.AppStore|iPhone.Build.0 = AppStore|iPhone
		{B299F950-3464-4239-A17F-1443E0E4FA36}.AppStore|iPhoneSimulator.ActiveCfg = AppStore|iPhoneSimulator
		{B299F950-3464-4239-A17F-1443E0E4FA36}.AppStore|iPhoneSimulator.Build.0 = AppStore|iPhoneSimulator
		{B299F950-3464-4239-A17F-1443E0E4FA36}.AppStore|Mixed Platforms.ActiveCfg = AppStore|iPhone
		{B299F950-3464-4239-A17F-1443E0E4FA36}.AppStore|Mixed Platforms.Build.0 = AppStore|iPhone
		{B299F950-3464-4239-A17F-1443E0E4FA36}.AppStore|x64.ActiveCfg = AppStore|iPhone
		{B299F950-3464-4239-A17F-1443E0E4FA36}.AppStore|x86.ActiveCfg = AppStore|iPhone
		{B299F950-3464-4239-A17F-1443E0E4FA36}.Debug|Any CPU.ActiveCfg = Debug|iPhone
		{B299F950-3464-4239-A17F-1443E0E4FA36}.Debug|ARM.ActiveCfg = Debug|iPhone
		{B299F950-3464-4239-A17F-1443E0E4FA36}.Debug|iPhone.ActiveCfg = Debug|iPhone
		{B299F950-3464-4239-A17F-1443E0E4FA36}.Debug|iPhone.Build.0 = Debug|iPhone
		{B299F950-3464-4239-A17F-1443E0E4FA36}.Debug|iPhoneSimulator.ActiveCfg = Debug|iPhoneSimulator
		{B299F950-3464-4239-A17F-1443E0E4FA36}.Debug|iPhoneSimulator.Build.0 = Debug|iPhoneSimulator
		{B299F950-3464-4239-A17F-1443E0E4FA36}.Debug|Mixed Platforms.ActiveCfg = Debug|iPhone
		{B299F950-3464-4239-A17F-1443E0E4FA36}.Debug|Mixed Platforms.Build.0 = Debug|iPhone
		{B299F950-3464-4239-A17F-1443E0E4FA36}.Debug|x64.ActiveCfg = Debug|iPhone
		{B299F950-3464-4239-A17F-1443E0E4FA36}.Debug|x86.ActiveCfg = Debug|iPhone
		{B299F950-3464-4239-A17F-1443E0E4FA36}.Release|Any CPU.ActiveCfg = Release|iPhone
		{B299F950-3464-4239-A17F-1443E0E4FA36}.Release|ARM.ActiveCfg = Release|iPhone
		{B299F950-3464-4239-A17F-1443E0E4FA36}.Release|iPhone.ActiveCfg = Release|iPhone
		{B299F950-3464-4239-A17F-1443E0E4FA36}.Release|iPhone.Build.0 = Release|iPhone
		{B299F950-3464-4239-A17F-1443E0E4FA36}.Release|iPhoneSimulator.ActiveCfg = Release|iPhoneSimulator
		{B299F950-3464-4239-A17F-1443E0E4FA36}.Release|iPhoneSimulator.Build.0 = Release|iPhoneSimulator
		{B299F950-3464-4239-A17F-1443E0E4FA36}.Release|Mixed Platforms.ActiveCfg = Release|iPhone
		{B299F950-3464-4239-A17F-1443E0E4FA36}.Release|Mixed Platforms.Build.0 = Release|iPhone
		{B299F950-3464-4239-A17F-1443E0E4FA36}.Release|x64.ActiveCfg = Release|iPhone
		{B299F950-3464-4239-A17F-1443E0E4FA36}.Release|x86.ActiveCfg = Release|iPhone
		{C9939F82-A2E0-4BD5-AFC6-7990AAB4EC99}.Ad-Hoc|Any CPU.ActiveCfg = Release|Any CPU
		{C9939F82-A2E0-4BD5-AFC6-7990AAB4EC99}.Ad-Hoc|Any CPU.Build.0 = Release|Any CPU
		{C9939F82-A2E0-4BD5-AFC6-7990AAB4EC99}.Ad-Hoc|Any CPU.Deploy.0 = Release|Any CPU
		{C9939F82-A2E0-4BD5-AFC6-7990AAB4EC99}.Ad-Hoc|ARM.ActiveCfg = Release|ARM
		{C9939F82-A2E0-4BD5-AFC6-7990AAB4EC99}.Ad-Hoc|ARM.Build.0 = Release|ARM
		{C9939F82-A2E0-4BD5-AFC6-7990AAB4EC99}.Ad-Hoc|ARM.Deploy.0 = Release|ARM
		{C9939F82-A2E0-4BD5-AFC6-7990AAB4EC99}.Ad-Hoc|iPhone.ActiveCfg = Release|Any CPU
		{C9939F82-A2E0-4BD5-AFC6-7990AAB4EC99}.Ad-Hoc|iPhoneSimulator.ActiveCfg = Release|Any CPU
		{C9939F82-A2E0-4BD5-AFC6-7990AAB4EC99}.Ad-Hoc|Mixed Platforms.ActiveCfg = Release|x86
		{C9939F82-A2E0-4BD5-AFC6-7990AAB4EC99}.Ad-Hoc|Mixed Platforms.Build.0 = Release|x86
		{C9939F82-A2E0-4BD5-AFC6-7990AAB4EC99}.Ad-Hoc|Mixed Platforms.Deploy.0 = Release|x86
		{C9939F82-A2E0-4BD5-AFC6-7990AAB4EC99}.Ad-Hoc|x64.ActiveCfg = Release|Any CPU
		{C9939F82-A2E0-4BD5-AFC6-7990AAB4EC99}.Ad-Hoc|x86.ActiveCfg = Release|x86
		{C9939F82-A2E0-4BD5-AFC6-7990AAB4EC99}.Ad-Hoc|x86.Build.0 = Release|x86
		{C9939F82-A2E0-4BD5-AFC6-7990AAB4EC99}.Ad-Hoc|x86.Deploy.0 = Release|x86
		{C9939F82-A2E0-4BD5-AFC6-7990AAB4EC99}.AppStore|Any CPU.ActiveCfg = Release|Any CPU
		{C9939F82-A2E0-4BD5-AFC6-7990AAB4EC99}.AppStore|Any CPU.Build.0 = Release|Any CPU
		{C9939F82-A2E0-4BD5-AFC6-7990AAB4EC99}.AppStore|Any CPU.Deploy.0 = Release|Any CPU
		{C9939F82-A2E0-4BD5-AFC6-7990AAB4EC99}.AppStore|ARM.ActiveCfg = Release|ARM
		{C9939F82-A2E0-4BD5-AFC6-7990AAB4EC99}.AppStore|ARM.Build.0 = Release|ARM
		{C9939F82-A2E0-4BD5-AFC6-7990AAB4EC99}.AppStore|ARM.Deploy.0 = Release|ARM
		{C9939F82-A2E0-4BD5-AFC6-7990AAB4EC99}.AppStore|iPhone.ActiveCfg = Release|Any CPU
		{C9939F82-A2E0-4BD5-AFC6-7990AAB4EC99}.AppStore|iPhoneSimulator.ActiveCfg = Release|Any CPU
		{C9939F82-A2E0-4BD5-AFC6-7990AAB4EC99}.AppStore|Mixed Platforms.ActiveCfg = Release|x86
		{C9939F82-A2E0-4BD5-AFC6-7990AAB4EC99}.AppStore|Mixed Platforms.Build.0 = Release|x86
		{C9939F82-A2E0-4BD5-AFC6-7990AAB4EC99}.AppStore|Mixed Platforms.Deploy.0 = Release|x86
		{C9939F82-A2E0-4BD5-AFC6-7990AAB4EC99}.AppStore|x64.ActiveCfg = Release|Any CPU
		{C9939F82-A2E0-4BD5-AFC6-7990AAB4EC99}.AppStore|x86.ActiveCfg = Release|x86
		{C9939F82-A2E0-4BD5-AFC6-7990AAB4EC99}.AppStore|x86.Build.0 = Release|x86
		{C9939F82-A2E0-4BD5-AFC6-7990AAB4EC99}.AppStore|x86.Deploy.0 = Release|x86
		{C9939F82-A2E0-4BD5-AFC6-7990AAB4EC99}.Debug|Any CPU.ActiveCfg = Debug|Any CPU
		{C9939F82-A2E0-4BD5-AFC6-7990AAB4EC99}.Debug|Any CPU.Deploy.0 = Debug|Any CPU
		{C9939F82-A2E0-4BD5-AFC6-7990AAB4EC99}.Debug|ARM.ActiveCfg = Debug|ARM
		{C9939F82-A2E0-4BD5-AFC6-7990AAB4EC99}.Debug|ARM.Build.0 = Debug|ARM
		{C9939F82-A2E0-4BD5-AFC6-7990AAB4EC99}.Debug|ARM.Deploy.0 = Debug|ARM
		{C9939F82-A2E0-4BD5-AFC6-7990AAB4EC99}.Debug|iPhone.ActiveCfg = Debug|Any CPU
		{C9939F82-A2E0-4BD5-AFC6-7990AAB4EC99}.Debug|iPhoneSimulator.ActiveCfg = Debug|Any CPU
		{C9939F82-A2E0-4BD5-AFC6-7990AAB4EC99}.Debug|Mixed Platforms.ActiveCfg = Debug|x86
		{C9939F82-A2E0-4BD5-AFC6-7990AAB4EC99}.Debug|Mixed Platforms.Build.0 = Debug|x86
		{C9939F82-A2E0-4BD5-AFC6-7990AAB4EC99}.Debug|Mixed Platforms.Deploy.0 = Debug|x86
		{C9939F82-A2E0-4BD5-AFC6-7990AAB4EC99}.Debug|x64.ActiveCfg = Debug|Any CPU
		{C9939F82-A2E0-4BD5-AFC6-7990AAB4EC99}.Debug|x86.ActiveCfg = Debug|x86
		{C9939F82-A2E0-4BD5-AFC6-7990AAB4EC99}.Debug|x86.Build.0 = Debug|x86
		{C9939F82-A2E0-4BD5-AFC6-7990AAB4EC99}.Debug|x86.Deploy.0 = Debug|x86
		{C9939F82-A2E0-4BD5-AFC6-7990AAB4EC99}.Release|Any CPU.ActiveCfg = Release|Any CPU
		{C9939F82-A2E0-4BD5-AFC6-7990AAB4EC99}.Release|Any CPU.Build.0 = Release|Any CPU
		{C9939F82-A2E0-4BD5-AFC6-7990AAB4EC99}.Release|Any CPU.Deploy.0 = Release|Any CPU
		{C9939F82-A2E0-4BD5-AFC6-7990AAB4EC99}.Release|ARM.ActiveCfg = Release|ARM
		{C9939F82-A2E0-4BD5-AFC6-7990AAB4EC99}.Release|ARM.Build.0 = Release|ARM
		{C9939F82-A2E0-4BD5-AFC6-7990AAB4EC99}.Release|ARM.Deploy.0 = Release|ARM
		{C9939F82-A2E0-4BD5-AFC6-7990AAB4EC99}.Release|iPhone.ActiveCfg = Release|Any CPU
		{C9939F82-A2E0-4BD5-AFC6-7990AAB4EC99}.Release|iPhoneSimulator.ActiveCfg = Release|Any CPU
		{C9939F82-A2E0-4BD5-AFC6-7990AAB4EC99}.Release|Mixed Platforms.ActiveCfg = Release|x86
		{C9939F82-A2E0-4BD5-AFC6-7990AAB4EC99}.Release|Mixed Platforms.Build.0 = Release|x86
		{C9939F82-A2E0-4BD5-AFC6-7990AAB4EC99}.Release|Mixed Platforms.Deploy.0 = Release|x86
		{C9939F82-A2E0-4BD5-AFC6-7990AAB4EC99}.Release|x64.ActiveCfg = Release|Any CPU
		{C9939F82-A2E0-4BD5-AFC6-7990AAB4EC99}.Release|x86.ActiveCfg = Release|x86
		{C9939F82-A2E0-4BD5-AFC6-7990AAB4EC99}.Release|x86.Build.0 = Release|x86
		{C9939F82-A2E0-4BD5-AFC6-7990AAB4EC99}.Release|x86.Deploy.0 = Release|x86
		{F46F9F66-8331-4632-93BF-34A61B1F1D2B}.Ad-Hoc|Any CPU.ActiveCfg = Release|Any CPU
		{F46F9F66-8331-4632-93BF-34A61B1F1D2B}.Ad-Hoc|Any CPU.Build.0 = Release|Any CPU
		{F46F9F66-8331-4632-93BF-34A61B1F1D2B}.Ad-Hoc|Any CPU.Deploy.0 = Release|Any CPU
		{F46F9F66-8331-4632-93BF-34A61B1F1D2B}.Ad-Hoc|ARM.ActiveCfg = Release|ARM
		{F46F9F66-8331-4632-93BF-34A61B1F1D2B}.Ad-Hoc|ARM.Build.0 = Release|ARM
		{F46F9F66-8331-4632-93BF-34A61B1F1D2B}.Ad-Hoc|ARM.Deploy.0 = Release|ARM
		{F46F9F66-8331-4632-93BF-34A61B1F1D2B}.Ad-Hoc|iPhone.ActiveCfg = Release|Any CPU
		{F46F9F66-8331-4632-93BF-34A61B1F1D2B}.Ad-Hoc|iPhoneSimulator.ActiveCfg = Release|Any CPU
		{F46F9F66-8331-4632-93BF-34A61B1F1D2B}.Ad-Hoc|Mixed Platforms.ActiveCfg = Release|x86
		{F46F9F66-8331-4632-93BF-34A61B1F1D2B}.Ad-Hoc|Mixed Platforms.Build.0 = Release|x86
		{F46F9F66-8331-4632-93BF-34A61B1F1D2B}.Ad-Hoc|Mixed Platforms.Deploy.0 = Release|x86
		{F46F9F66-8331-4632-93BF-34A61B1F1D2B}.Ad-Hoc|x64.ActiveCfg = Release|x64
		{F46F9F66-8331-4632-93BF-34A61B1F1D2B}.Ad-Hoc|x64.Build.0 = Release|x64
		{F46F9F66-8331-4632-93BF-34A61B1F1D2B}.Ad-Hoc|x64.Deploy.0 = Release|x64
		{F46F9F66-8331-4632-93BF-34A61B1F1D2B}.Ad-Hoc|x86.ActiveCfg = Release|x86
		{F46F9F66-8331-4632-93BF-34A61B1F1D2B}.Ad-Hoc|x86.Build.0 = Release|x86
		{F46F9F66-8331-4632-93BF-34A61B1F1D2B}.Ad-Hoc|x86.Deploy.0 = Release|x86
		{F46F9F66-8331-4632-93BF-34A61B1F1D2B}.AppStore|Any CPU.ActiveCfg = Release|Any CPU
		{F46F9F66-8331-4632-93BF-34A61B1F1D2B}.AppStore|Any CPU.Build.0 = Release|Any CPU
		{F46F9F66-8331-4632-93BF-34A61B1F1D2B}.AppStore|Any CPU.Deploy.0 = Release|Any CPU
		{F46F9F66-8331-4632-93BF-34A61B1F1D2B}.AppStore|ARM.ActiveCfg = Release|ARM
		{F46F9F66-8331-4632-93BF-34A61B1F1D2B}.AppStore|ARM.Build.0 = Release|ARM
		{F46F9F66-8331-4632-93BF-34A61B1F1D2B}.AppStore|ARM.Deploy.0 = Release|ARM
		{F46F9F66-8331-4632-93BF-34A61B1F1D2B}.AppStore|iPhone.ActiveCfg = Release|Any CPU
		{F46F9F66-8331-4632-93BF-34A61B1F1D2B}.AppStore|iPhoneSimulator.ActiveCfg = Release|Any CPU
		{F46F9F66-8331-4632-93BF-34A61B1F1D2B}.AppStore|Mixed Platforms.ActiveCfg = Release|x86
		{F46F9F66-8331-4632-93BF-34A61B1F1D2B}.AppStore|Mixed Platforms.Build.0 = Release|x86
		{F46F9F66-8331-4632-93BF-34A61B1F1D2B}.AppStore|Mixed Platforms.Deploy.0 = Release|x86
		{F46F9F66-8331-4632-93BF-34A61B1F1D2B}.AppStore|x64.ActiveCfg = Release|x64
		{F46F9F66-8331-4632-93BF-34A61B1F1D2B}.AppStore|x64.Build.0 = Release|x64
		{F46F9F66-8331-4632-93BF-34A61B1F1D2B}.AppStore|x64.Deploy.0 = Release|x64
		{F46F9F66-8331-4632-93BF-34A61B1F1D2B}.AppStore|x86.ActiveCfg = Release|x86
		{F46F9F66-8331-4632-93BF-34A61B1F1D2B}.AppStore|x86.Build.0 = Release|x86
		{F46F9F66-8331-4632-93BF-34A61B1F1D2B}.AppStore|x86.Deploy.0 = Release|x86
		{F46F9F66-8331-4632-93BF-34A61B1F1D2B}.Debug|Any CPU.ActiveCfg = Debug|Any CPU
		{F46F9F66-8331-4632-93BF-34A61B1F1D2B}.Debug|Any CPU.Deploy.0 = Debug|Any CPU
		{F46F9F66-8331-4632-93BF-34A61B1F1D2B}.Debug|ARM.ActiveCfg = Debug|ARM
		{F46F9F66-8331-4632-93BF-34A61B1F1D2B}.Debug|ARM.Build.0 = Debug|ARM
		{F46F9F66-8331-4632-93BF-34A61B1F1D2B}.Debug|ARM.Deploy.0 = Debug|ARM
		{F46F9F66-8331-4632-93BF-34A61B1F1D2B}.Debug|iPhone.ActiveCfg = Debug|Any CPU
		{F46F9F66-8331-4632-93BF-34A61B1F1D2B}.Debug|iPhoneSimulator.ActiveCfg = Debug|Any CPU
		{F46F9F66-8331-4632-93BF-34A61B1F1D2B}.Debug|Mixed Platforms.ActiveCfg = Debug|x86
		{F46F9F66-8331-4632-93BF-34A61B1F1D2B}.Debug|Mixed Platforms.Build.0 = Debug|x86
		{F46F9F66-8331-4632-93BF-34A61B1F1D2B}.Debug|Mixed Platforms.Deploy.0 = Debug|x86
		{F46F9F66-8331-4632-93BF-34A61B1F1D2B}.Debug|x64.ActiveCfg = Debug|x64
		{F46F9F66-8331-4632-93BF-34A61B1F1D2B}.Debug|x64.Build.0 = Debug|x64
		{F46F9F66-8331-4632-93BF-34A61B1F1D2B}.Debug|x64.Deploy.0 = Debug|x64
		{F46F9F66-8331-4632-93BF-34A61B1F1D2B}.Debug|x86.ActiveCfg = Debug|x86
		{F46F9F66-8331-4632-93BF-34A61B1F1D2B}.Debug|x86.Build.0 = Debug|x86
		{F46F9F66-8331-4632-93BF-34A61B1F1D2B}.Debug|x86.Deploy.0 = Debug|x86
		{F46F9F66-8331-4632-93BF-34A61B1F1D2B}.Release|Any CPU.ActiveCfg = Release|Any CPU
		{F46F9F66-8331-4632-93BF-34A61B1F1D2B}.Release|Any CPU.Build.0 = Release|Any CPU
		{F46F9F66-8331-4632-93BF-34A61B1F1D2B}.Release|Any CPU.Deploy.0 = Release|Any CPU
		{F46F9F66-8331-4632-93BF-34A61B1F1D2B}.Release|ARM.ActiveCfg = Release|ARM
		{F46F9F66-8331-4632-93BF-34A61B1F1D2B}.Release|ARM.Build.0 = Release|ARM
		{F46F9F66-8331-4632-93BF-34A61B1F1D2B}.Release|ARM.Deploy.0 = Release|ARM
		{F46F9F66-8331-4632-93BF-34A61B1F1D2B}.Release|iPhone.ActiveCfg = Release|Any CPU
		{F46F9F66-8331-4632-93BF-34A61B1F1D2B}.Release|iPhoneSimulator.ActiveCfg = Release|Any CPU
		{F46F9F66-8331-4632-93BF-34A61B1F1D2B}.Release|Mixed Platforms.ActiveCfg = Release|x86
		{F46F9F66-8331-4632-93BF-34A61B1F1D2B}.Release|Mixed Platforms.Build.0 = Release|x86
		{F46F9F66-8331-4632-93BF-34A61B1F1D2B}.Release|Mixed Platforms.Deploy.0 = Release|x86
		{F46F9F66-8331-4632-93BF-34A61B1F1D2B}.Release|x64.ActiveCfg = Release|x64
		{F46F9F66-8331-4632-93BF-34A61B1F1D2B}.Release|x64.Build.0 = Release|x64
		{F46F9F66-8331-4632-93BF-34A61B1F1D2B}.Release|x64.Deploy.0 = Release|x64
		{F46F9F66-8331-4632-93BF-34A61B1F1D2B}.Release|x86.ActiveCfg = Release|x86
		{F46F9F66-8331-4632-93BF-34A61B1F1D2B}.Release|x86.Build.0 = Release|x86
		{F46F9F66-8331-4632-93BF-34A61B1F1D2B}.Release|x86.Deploy.0 = Release|x86
		{275E4C69-D867-4753-90FF-6EB6C2C8DC69}.Ad-Hoc|Any CPU.ActiveCfg = Release|Any CPU
		{275E4C69-D867-4753-90FF-6EB6C2C8DC69}.Ad-Hoc|Any CPU.Build.0 = Release|Any CPU
		{275E4C69-D867-4753-90FF-6EB6C2C8DC69}.Ad-Hoc|ARM.ActiveCfg = Release|Any CPU
		{275E4C69-D867-4753-90FF-6EB6C2C8DC69}.Ad-Hoc|iPhone.ActiveCfg = Release|Any CPU
		{275E4C69-D867-4753-90FF-6EB6C2C8DC69}.Ad-Hoc|iPhoneSimulator.ActiveCfg = Release|Any CPU
		{275E4C69-D867-4753-90FF-6EB6C2C8DC69}.Ad-Hoc|Mixed Platforms.ActiveCfg = Release|Any CPU
		{275E4C69-D867-4753-90FF-6EB6C2C8DC69}.Ad-Hoc|Mixed Platforms.Build.0 = Release|Any CPU
		{275E4C69-D867-4753-90FF-6EB6C2C8DC69}.Ad-Hoc|x64.ActiveCfg = Release|Any CPU
		{275E4C69-D867-4753-90FF-6EB6C2C8DC69}.Ad-Hoc|x86.ActiveCfg = Release|Any CPU
		{275E4C69-D867-4753-90FF-6EB6C2C8DC69}.AppStore|Any CPU.ActiveCfg = Release|Any CPU
		{275E4C69-D867-4753-90FF-6EB6C2C8DC69}.AppStore|Any CPU.Build.0 = Release|Any CPU
		{275E4C69-D867-4753-90FF-6EB6C2C8DC69}.AppStore|ARM.ActiveCfg = Release|Any CPU
		{275E4C69-D867-4753-90FF-6EB6C2C8DC69}.AppStore|iPhone.ActiveCfg = Release|Any CPU
		{275E4C69-D867-4753-90FF-6EB6C2C8DC69}.AppStore|iPhoneSimulator.ActiveCfg = Release|Any CPU
		{275E4C69-D867-4753-90FF-6EB6C2C8DC69}.AppStore|Mixed Platforms.ActiveCfg = Release|Any CPU
		{275E4C69-D867-4753-90FF-6EB6C2C8DC69}.AppStore|Mixed Platforms.Build.0 = Release|Any CPU
		{275E4C69-D867-4753-90FF-6EB6C2C8DC69}.AppStore|x64.ActiveCfg = Release|Any CPU
		{275E4C69-D867-4753-90FF-6EB6C2C8DC69}.AppStore|x86.ActiveCfg = Release|Any CPU
		{275E4C69-D867-4753-90FF-6EB6C2C8DC69}.Debug|Any CPU.ActiveCfg = Debug|Any CPU
		{275E4C69-D867-4753-90FF-6EB6C2C8DC69}.Debug|Any CPU.Build.0 = Debug|Any CPU
		{275E4C69-D867-4753-90FF-6EB6C2C8DC69}.Debug|ARM.ActiveCfg = Debug|Any CPU
		{275E4C69-D867-4753-90FF-6EB6C2C8DC69}.Debug|iPhone.ActiveCfg = Debug|Any CPU
		{275E4C69-D867-4753-90FF-6EB6C2C8DC69}.Debug|iPhoneSimulator.ActiveCfg = Debug|Any CPU
		{275E4C69-D867-4753-90FF-6EB6C2C8DC69}.Debug|Mixed Platforms.ActiveCfg = Debug|Any CPU
		{275E4C69-D867-4753-90FF-6EB6C2C8DC69}.Debug|Mixed Platforms.Build.0 = Debug|Any CPU
		{275E4C69-D867-4753-90FF-6EB6C2C8DC69}.Debug|x64.ActiveCfg = Debug|Any CPU
		{275E4C69-D867-4753-90FF-6EB6C2C8DC69}.Debug|x86.ActiveCfg = Debug|Any CPU
		{275E4C69-D867-4753-90FF-6EB6C2C8DC69}.Release|Any CPU.ActiveCfg = Release|Any CPU
		{275E4C69-D867-4753-90FF-6EB6C2C8DC69}.Release|Any CPU.Build.0 = Release|Any CPU
		{275E4C69-D867-4753-90FF-6EB6C2C8DC69}.Release|ARM.ActiveCfg = Release|Any CPU
		{275E4C69-D867-4753-90FF-6EB6C2C8DC69}.Release|iPhone.ActiveCfg = Release|Any CPU
		{275E4C69-D867-4753-90FF-6EB6C2C8DC69}.Release|iPhoneSimulator.ActiveCfg = Release|Any CPU
		{275E4C69-D867-4753-90FF-6EB6C2C8DC69}.Release|Mixed Platforms.ActiveCfg = Release|Any CPU
		{275E4C69-D867-4753-90FF-6EB6C2C8DC69}.Release|Mixed Platforms.Build.0 = Release|Any CPU
		{275E4C69-D867-4753-90FF-6EB6C2C8DC69}.Release|x64.ActiveCfg = Release|Any CPU
		{275E4C69-D867-4753-90FF-6EB6C2C8DC69}.Release|x86.ActiveCfg = Release|Any CPU
	EndGlobalSection
	GlobalSection(SolutionProperties) = preSolution
		HideSolutionNode = FALSE
	EndGlobalSection
	GlobalSection(NestedProjects) = preSolution
		{B50A8871-5E68-4BE9-ABEC-F10FED724AA2} = {B00262DD-CB03-47D1-A6CD-7D899D858217}
		{A0A24D28-5970-42F7-8847-B71E7622F515} = {F4D7E844-3FB2-4060-B33A-99BA33FCBDFE}
		{A29F7D56-D1CF-4D93-BF03-B7ABB0474811} = {F4D7E844-3FB2-4060-B33A-99BA33FCBDFE}
		{77DB442D-D3D0-449C-A7A1-22A47F716357} = {FCEE6BEB-C86B-4993-8361-EC39342A4F2C}
		{3C047FE4-18FB-4BFC-BD87-902E36D18683} = {A7F98BB9-20E9-487F-AE0D-056B0431C808}
		{056E24E2-604C-4834-BB49-0A36080CFC55} = {A0A24D28-5970-42F7-8847-B71E7622F515}
		{376EE048-E5CF-4F7F-B129-1D5C1454CA39} = {80E49700-8CD0-4418-9F48-4F4ABE86CA11}
		{A651BBC4-906D-4A4B-97FC-D327946FB87E} = {A29F7D56-D1CF-4D93-BF03-B7ABB0474811}
		{5B72CB09-9CB2-4821-8056-A041C3E52735} = {A7F98BB9-20E9-487F-AE0D-056B0431C808}
		{650AB8A8-0A08-49C3-8B6E-08EA97133A5B} = {A29F7D56-D1CF-4D93-BF03-B7ABB0474811}
		{D581A789-F394-4622-A54F-CB23A4139970} = {AA17C626-C174-4B21-9E5E-3F6BB57D2100}
		{91C86869-9185-4918-8082-BFF46F99DF00} = {F7821A88-4A34-46CA-85D4-ADCB187B2261}
		{B00262DD-CB03-47D1-A6CD-7D899D858217} = {F7821A88-4A34-46CA-85D4-ADCB187B2261}
		{9ED45E8C-4E0E-4797-999D-4C42D378930E} = {91C86869-9185-4918-8082-BFF46F99DF00}
		{B299F950-3464-4239-A17F-1443E0E4FA36} = {91C86869-9185-4918-8082-BFF46F99DF00}
		{C9939F82-A2E0-4BD5-AFC6-7990AAB4EC99} = {91C86869-9185-4918-8082-BFF46F99DF00}
		{F46F9F66-8331-4632-93BF-34A61B1F1D2B} = {91C86869-9185-4918-8082-BFF46F99DF00}
		{275E4C69-D867-4753-90FF-6EB6C2C8DC69} = {91C86869-9185-4918-8082-BFF46F99DF00}
	EndGlobalSection
EndGlobal
