
Microsoft Visual Studio Solution File, Format Version 12.00
# Visual Studio 15
VisualStudioVersion = 15.0.26228.9
MinimumVisualStudioVersion = 10.0.40219.1
Project("{E24C65DC-7377-472B-9ABA-BC803B73C61A}") = "Newsbook.WebMobile", "http://localhost:57862", "{B50A8871-5E68-4BE9-ABEC-F10FED724AA2}"
	ProjectSection(WebsiteProperties) = preProject
		UseIISExpress = "true"
		TargetFrameworkMoniker = ".NETFramework,Version%3Dv4.0"
		Debug.AspNetCompiler.VirtualPath = "/localhost_57862"
		Debug.AspNetCompiler.PhysicalPath = "Newsbook.WebMobile\"
		Debug.AspNetCompiler.TargetPath = "PrecompiledWeb\localhost_57862\"
		Debug.AspNetCompiler.Updateable = "true"
		Debug.AspNetCompiler.ForceOverwrite = "true"
		Debug.AspNetCompiler.FixedNames = "false"
		Debug.AspNetCompiler.Debug = "True"
		Release.AspNetCompiler.VirtualPath = "/localhost_57862"
		Release.AspNetCompiler.PhysicalPath = "Newsbook.WebMobile\"
		Release.AspNetCompiler.TargetPath = "PrecompiledWeb\localhost_57862\"
		Release.AspNetCompiler.Updateable = "true"
		Release.AspNetCompiler.ForceOverwrite = "true"
		Release.AspNetCompiler.FixedNames = "false"
		Release.AspNetCompiler.Debug = "False"
		SlnRelativePath = "Newsbook.WebMobile\"
	EndProjectSection
EndProject
Project("{2150E333-8FDC-42A3-9474-1A3956D46DE8}") = "0 - Apresentacao", "0 - Apresentacao", "{F7821A88-4A34-46CA-85D4-ADCB187B2261}"
EndProject
Project("{2150E333-8FDC-42A3-9474-1A3956D46DE8}") = "1 - Servicos", "1 - Servicos", "{AA17C626-C174-4B21-9E5E-3F6BB57D2100}"
EndProject
Project("{2150E333-8FDC-42A3-9474-1A3956D46DE8}") = "2 - Aplicacao", "2 - Aplicacao", "{80E49700-8CD0-4418-9F48-4F4ABE86CA11}"
EndProject
Project("{2150E333-8FDC-42A3-9474-1A3956D46DE8}") = "3 - Dominio", "3 - Dominio", "{FCEE6BEB-C86B-4993-8361-EC39342A4F2C}"
EndProject
Project("{2150E333-8FDC-42A3-9474-1A3956D46DE8}") = "4 - Infraestrutura", "4 - Infraestrutura", "{F4D7E844-3FB2-4060-B33A-99BA33FCBDFE}"
EndProject
Project("{2150E333-8FDC-42A3-9474-1A3956D46DE8}") = "4.1 - Dados", "4.1 - Dados", "{A0A24D28-5970-42F7-8847-B71E7622F515}"
EndProject
Project("{2150E333-8FDC-42A3-9474-1A3956D46DE8}") = "4.2 - Util", "4.2 - Util", "{A29F7D56-D1CF-4D93-BF03-B7ABB0474811}"
EndProject
Project("{2150E333-8FDC-42A3-9474-1A3956D46DE8}") = "5 - Testes", "5 - Testes", "{A7F98BB9-20E9-487F-AE0D-056B0431C808}"
EndProject
Project("{FAE04EC0-301F-11D3-BF4B-00C04F79EFBC}") = "Newsbook.Download", "Newsbook.Download\Newsbook.Download.csproj", "{376EE048-E5CF-4F7F-B129-1D5C1454CA39}"
EndProject
Project("{FAE04EC0-301F-11D3-BF4B-00C04F79EFBC}") = "Newsbook.Util", "Newsbook.Util\Newsbook.Util.csproj", "{A651BBC4-906D-4A4B-97FC-D327946FB87E}"
EndProject
Project("{FAE04EC0-301F-11D3-BF4B-00C04F79EFBC}") = "Newsbook.Dependencias", "Newsbook.Dependencias\Newsbook.Dependencias.csproj", "{650AB8A8-0A08-49C3-8B6E-08EA97133A5B}"
EndProject
Project("{FAE04EC0-301F-11D3-BF4B-00C04F79EFBC}") = "Newsbook.Core.WebApi", "Newsbook.Core.WebApi\Newsbook.Core.WebApi.csproj", "{D581A789-F394-4622-A54F-CB23A4139970}"
EndProject
Project("{2150E333-8FDC-42A3-9474-1A3956D46DE8}") = "0.1 - Website", "0.1 - Website", "{B00262DD-CB03-47D1-A6CD-7D899D858217}"
EndProject
Project("{FAE04EC0-301F-11D3-BF4B-00C04F79EFBC}") = "Newsbook.FeedParserUrl", "Newsbook.FeedParserUrl\Newsbook.FeedParserUrl.csproj", "{3E262968-55FA-4EC8-9C94-209B3F5541A3}"
EndProject
Project("{FAE04EC0-301F-11D3-BF4B-00C04F79EFBC}") = "Newsbook.Core", "Newsbook.Core\Newsbook.Core.csproj", "{D3F4AD51-1BD4-4038-815A-8C5E5690C33C}"
EndProject
Project("{FAE04EC0-301F-11D3-BF4B-00C04F79EFBC}") = "Newsbook.Infra.Dados.MongoDb", "Newsbook.Infra.Dados.MongoDb\Newsbook.Infra.Dados.MongoDb.csproj", "{6C8AF17F-EF50-4D3B-BF04-500816FDBB50}"
EndProject
Global
	GlobalSection(SolutionConfigurationPlatforms) = preSolution
		Ad-Hoc|Any CPU = Ad-Hoc|Any CPU
		Ad-Hoc|ARM = Ad-Hoc|ARM
		Ad-Hoc|iPhone = Ad-Hoc|iPhone
		Ad-Hoc|iPhoneSimulator = Ad-Hoc|iPhoneSimulator
		Ad-Hoc|Mixed Platforms = Ad-Hoc|Mixed Platforms
		Ad-Hoc|x64 = Ad-Hoc|x64
		Ad-Hoc|x86 = Ad-Hoc|x86
		AppStore|Any CPU = AppStore|Any CPU
		AppStore|ARM = AppStore|ARM
		AppStore|iPhone = AppStore|iPhone
		AppStore|iPhoneSimulator = AppStore|iPhoneSimulator
		AppStore|Mixed Platforms = AppStore|Mixed Platforms
		AppStore|x64 = AppStore|x64
		AppStore|x86 = AppStore|x86
		Debug|Any CPU = Debug|Any CPU
		Debug|ARM = Debug|ARM
		Debug|iPhone = Debug|iPhone
		Debug|iPhoneSimulator = Debug|iPhoneSimulator
		Debug|Mixed Platforms = Debug|Mixed Platforms
		Debug|x64 = Debug|x64
		Debug|x86 = Debug|x86
		Release|Any CPU = Release|Any CPU
		Release|ARM = Release|ARM
		Release|iPhone = Release|iPhone
		Release|iPhoneSimulator = Release|iPhoneSimulator
		Release|Mixed Platforms = Release|Mixed Platforms
		Release|x64 = Release|x64
		Release|x86 = Release|x86
	EndGlobalSection
	GlobalSection(ProjectConfigurationPlatforms) = postSolution
		{B50A8871-5E68-4BE9-ABEC-F10FED724AA2}.Ad-Hoc|Any CPU.ActiveCfg = Debug|Any CPU
		{B50A8871-5E68-4BE9-ABEC-F10FED724AA2}.Ad-Hoc|Any CPU.Build.0 = Debug|Any CPU
		{B50A8871-5E68-4BE9-ABEC-F10FED724AA2}.Ad-Hoc|ARM.ActiveCfg = Debug|Any CPU
		{B50A8871-5E68-4BE9-ABEC-F10FED724AA2}.Ad-Hoc|iPhone.ActiveCfg = Debug|Any CPU
		{B50A8871-5E68-4BE9-ABEC-F10FED724AA2}.Ad-Hoc|iPhoneSimulator.ActiveCfg = Debug|Any CPU
		{B50A8871-5E68-4BE9-ABEC-F10FED724AA2}.Ad-Hoc|Mixed Platforms.ActiveCfg = Debug|Any CPU
		{B50A8871-5E68-4BE9-ABEC-F10FED724AA2}.Ad-Hoc|Mixed Platforms.Build.0 = Debug|Any CPU
		{B50A8871-5E68-4BE9-ABEC-F10FED724AA2}.Ad-Hoc|x64.ActiveCfg = Debug|Any CPU
		{B50A8871-5E68-4BE9-ABEC-F10FED724AA2}.Ad-Hoc|x86.ActiveCfg = Debug|Any CPU
		{B50A8871-5E68-4BE9-ABEC-F10FED724AA2}.AppStore|Any CPU.ActiveCfg = Debug|Any CPU
		{B50A8871-5E68-4BE9-ABEC-F10FED724AA2}.AppStore|Any CPU.Build.0 = Debug|Any CPU
		{B50A8871-5E68-4BE9-ABEC-F10FED724AA2}.AppStore|ARM.ActiveCfg = Debug|Any CPU
		{B50A8871-5E68-4BE9-ABEC-F10FED724AA2}.AppStore|iPhone.ActiveCfg = Debug|Any CPU
		{B50A8871-5E68-4BE9-ABEC-F10FED724AA2}.AppStore|iPhoneSimulator.ActiveCfg = Debug|Any CPU
		{B50A8871-5E68-4BE9-ABEC-F10FED724AA2}.AppStore|Mixed Platforms.ActiveCfg = Debug|Any CPU
		{B50A8871-5E68-4BE9-ABEC-F10FED724AA2}.AppStore|Mixed Platforms.Build.0 = Debug|Any CPU
		{B50A8871-5E68-4BE9-ABEC-F10FED724AA2}.AppStore|x64.ActiveCfg = Debug|Any CPU
		{B50A8871-5E68-4BE9-ABEC-F10FED724AA2}.AppStore|x86.ActiveCfg = Debug|Any CPU
		{B50A8871-5E68-4BE9-ABEC-F10FED724AA2}.Debug|Any CPU.ActiveCfg = Debug|Any CPU
		{B50A8871-5E68-4BE9-ABEC-F10FED724AA2}.Debug|Any CPU.Build.0 = Debug|Any CPU
		{B50A8871-5E68-4BE9-ABEC-F10FED724AA2}.Debug|ARM.ActiveCfg = Debug|Any CPU
		{B50A8871-5E68-4BE9-ABEC-F10FED724AA2}.Debug|iPhone.ActiveCfg = Debug|Any CPU
		{B50A8871-5E68-4BE9-ABEC-F10FED724AA2}.Debug|iPhoneSimulator.ActiveCfg = Debug|Any CPU
		{B50A8871-5E68-4BE9-ABEC-F10FED724AA2}.Debug|Mixed Platforms.ActiveCfg = Debug|Any CPU
		{B50A8871-5E68-4BE9-ABEC-F10FED724AA2}.Debug|Mixed Platforms.Build.0 = Debug|Any CPU
		{B50A8871-5E68-4BE9-ABEC-F10FED724AA2}.Debug|x64.ActiveCfg = Debug|Any CPU
		{B50A8871-5E68-4BE9-ABEC-F10FED724AA2}.Debug|x86.ActiveCfg = Debug|Any CPU
		{B50A8871-5E68-4BE9-ABEC-F10FED724AA2}.Release|Any CPU.ActiveCfg = Debug|Any CPU
		{B50A8871-5E68-4BE9-ABEC-F10FED724AA2}.Release|Any CPU.Build.0 = Debug|Any CPU
		{B50A8871-5E68-4BE9-ABEC-F10FED724AA2}.Release|ARM.ActiveCfg = Debug|Any CPU
		{B50A8871-5E68-4BE9-ABEC-F10FED724AA2}.Release|iPhone.ActiveCfg = Debug|Any CPU
		{B50A8871-5E68-4BE9-ABEC-F10FED724AA2}.Release|iPhoneSimulator.ActiveCfg = Debug|Any CPU
		{B50A8871-5E68-4BE9-ABEC-F10FED724AA2}.Release|Mixed Platforms.ActiveCfg = Debug|Any CPU
		{B50A8871-5E68-4BE9-ABEC-F10FED724AA2}.Release|Mixed Platforms.Build.0 = Debug|Any CPU
		{B50A8871-5E68-4BE9-ABEC-F10FED724AA2}.Release|x64.ActiveCfg = Debug|Any CPU
		{B50A8871-5E68-4BE9-ABEC-F10FED724AA2}.Release|x86.ActiveCfg = Debug|Any CPU
		{376EE048-E5CF-4F7F-B129-1D5C1454CA39}.Ad-Hoc|Any CPU.ActiveCfg = Release|Any CPU
		{376EE048-E5CF-4F7F-B129-1D5C1454CA39}.Ad-Hoc|Any CPU.Build.0 = Release|Any CPU
		{376EE048-E5CF-4F7F-B129-1D5C1454CA39}.Ad-Hoc|ARM.ActiveCfg = Release|Any CPU
		{376EE048-E5CF-4F7F-B129-1D5C1454CA39}.Ad-Hoc|iPhone.ActiveCfg = Release|Any CPU
		{376EE048-E5CF-4F7F-B129-1D5C1454CA39}.Ad-Hoc|iPhoneSimulator.ActiveCfg = Release|Any CPU
		{376EE048-E5CF-4F7F-B129-1D5C1454CA39}.Ad-Hoc|Mixed Platforms.ActiveCfg = Release|Any CPU
		{376EE048-E5CF-4F7F-B129-1D5C1454CA39}.Ad-Hoc|Mixed Platforms.Build.0 = Release|Any CPU
		{376EE048-E5CF-4F7F-B129-1D5C1454CA39}.Ad-Hoc|x64.ActiveCfg = Release|Any CPU
		{376EE048-E5CF-4F7F-B129-1D5C1454CA39}.Ad-Hoc|x86.ActiveCfg = Release|Any CPU
		{376EE048-E5CF-4F7F-B129-1D5C1454CA39}.AppStore|Any CPU.ActiveCfg = Release|Any CPU
		{376EE048-E5CF-4F7F-B129-1D5C1454CA39}.AppStore|Any CPU.Build.0 = Release|Any CPU
		{376EE048-E5CF-4F7F-B129-1D5C1454CA39}.AppStore|ARM.ActiveCfg = Release|Any CPU
		{376EE048-E5CF-4F7F-B129-1D5C1454CA39}.AppStore|iPhone.ActiveCfg = Release|Any CPU
		{376EE048-E5CF-4F7F-B129-1D5C1454CA39}.AppStore|iPhoneSimulator.ActiveCfg = Release|Any CPU
		{376EE048-E5CF-4F7F-B129-1D5C1454CA39}.AppStore|Mixed Platforms.ActiveCfg = Release|Any CPU
		{376EE048-E5CF-4F7F-B129-1D5C1454CA39}.AppStore|Mixed Platforms.Build.0 = Release|Any CPU
		{376EE048-E5CF-4F7F-B129-1D5C1454CA39}.AppStore|x64.ActiveCfg = Release|Any CPU
		{376EE048-E5CF-4F7F-B129-1D5C1454CA39}.AppStore|x86.ActiveCfg = Release|Any CPU
		{376EE048-E5CF-4F7F-B129-1D5C1454CA39}.Debug|Any CPU.ActiveCfg = Debug|Any CPU
		{376EE048-E5CF-4F7F-B129-1D5C1454CA39}.Debug|Any CPU.Build.0 = Debug|Any CPU
		{376EE048-E5CF-4F7F-B129-1D5C1454CA39}.Debug|ARM.ActiveCfg = Debug|Any CPU
		{376EE048-E5CF-4F7F-B129-1D5C1454CA39}.Debug|iPhone.ActiveCfg = Debug|Any CPU
		{376EE048-E5CF-4F7F-B129-1D5C1454CA39}.Debug|iPhoneSimulator.ActiveCfg = Debug|Any CPU
		{376EE048-E5CF-4F7F-B129-1D5C1454CA39}.Debug|Mixed Platforms.ActiveCfg = Debug|Any CPU
		{376EE048-E5CF-4F7F-B129-1D5C1454CA39}.Debug|Mixed Platforms.Build.0 = Debug|Any CPU
		{376EE048-E5CF-4F7F-B129-1D5C1454CA39}.Debug|x64.ActiveCfg = Debug|Any CPU
		{376EE048-E5CF-4F7F-B129-1D5C1454CA39}.Debug|x86.ActiveCfg = Debug|Any CPU
		{376EE048-E5CF-4F7F-B129-1D5C1454CA39}.Release|Any CPU.ActiveCfg = Release|Any CPU
		{376EE048-E5CF-4F7F-B129-1D5C1454CA39}.Release|Any CPU.Build.0 = Release|Any CPU
		{376EE048-E5CF-4F7F-B129-1D5C1454CA39}.Release|ARM.ActiveCfg = Release|Any CPU
		{376EE048-E5CF-4F7F-B129-1D5C1454CA39}.Release|iPhone.ActiveCfg = Release|Any CPU
		{376EE048-E5CF-4F7F-B129-1D5C1454CA39}.Release|iPhoneSimulator.ActiveCfg = Release|Any CPU
		{376EE048-E5CF-4F7F-B129-1D5C1454CA39}.Release|Mixed Platforms.ActiveCfg = Release|Any CPU
		{376EE048-E5CF-4F7F-B129-1D5C1454CA39}.Release|Mixed Platforms.Build.0 = Release|Any CPU
		{376EE048-E5CF-4F7F-B129-1D5C1454CA39}.Release|x64.ActiveCfg = Release|Any CPU
		{376EE048-E5CF-4F7F-B129-1D5C1454CA39}.Release|x86.ActiveCfg = Release|Any CPU
		{A651BBC4-906D-4A4B-97FC-D327946FB87E}.Ad-Hoc|Any CPU.ActiveCfg = Release|Any CPU
		{A651BBC4-906D-4A4B-97FC-D327946FB87E}.Ad-Hoc|Any CPU.Build.0 = Release|Any CPU
		{A651BBC4-906D-4A4B-97FC-D327946FB87E}.Ad-Hoc|ARM.ActiveCfg = Release|Any CPU
		{A651BBC4-906D-4A4B-97FC-D327946FB87E}.Ad-Hoc|iPhone.ActiveCfg = Release|Any CPU
		{A651BBC4-906D-4A4B-97FC-D327946FB87E}.Ad-Hoc|iPhoneSimulator.ActiveCfg = Release|Any CPU
		{A651BBC4-906D-4A4B-97FC-D327946FB87E}.Ad-Hoc|Mixed Platforms.ActiveCfg = Release|Any CPU
		{A651BBC4-906D-4A4B-97FC-D327946FB87E}.Ad-Hoc|Mixed Platforms.Build.0 = Release|Any CPU
		{A651BBC4-906D-4A4B-97FC-D327946FB87E}.Ad-Hoc|x64.ActiveCfg = Release|Any CPU
		{A651BBC4-906D-4A4B-97FC-D327946FB87E}.Ad-Hoc|x86.ActiveCfg = Release|Any CPU
		{A651BBC4-906D-4A4B-97FC-D327946FB87E}.AppStore|Any CPU.ActiveCfg = Release|Any CPU
		{A651BBC4-906D-4A4B-97FC-D327946FB87E}.AppStore|Any CPU.Build.0 = Release|Any CPU
		{A651BBC4-906D-4A4B-97FC-D327946FB87E}.AppStore|ARM.ActiveCfg = Release|Any CPU
		{A651BBC4-906D-4A4B-97FC-D327946FB87E}.AppStore|iPhone.ActiveCfg = Release|Any CPU
		{A651BBC4-906D-4A4B-97FC-D327946FB87E}.AppStore|iPhoneSimulator.ActiveCfg = Release|Any CPU
		{A651BBC4-906D-4A4B-97FC-D327946FB87E}.AppStore|Mixed Platforms.ActiveCfg = Release|Any CPU
		{A651BBC4-906D-4A4B-97FC-D327946FB87E}.AppStore|Mixed Platforms.Build.0 = Release|Any CPU
		{A651BBC4-906D-4A4B-97FC-D327946FB87E}.AppStore|x64.ActiveCfg = Release|Any CPU
		{A651BBC4-906D-4A4B-97FC-D327946FB87E}.AppStore|x86.ActiveCfg = Release|Any CPU
		{A651BBC4-906D-4A4B-97FC-D327946FB87E}.Debug|Any CPU.ActiveCfg = Debug|Any CPU
		{A651BBC4-906D-4A4B-97FC-D327946FB87E}.Debug|Any CPU.Build.0 = Debug|Any CPU
		{A651BBC4-906D-4A4B-97FC-D327946FB87E}.Debug|ARM.ActiveCfg = Debug|Any CPU
		{A651BBC4-906D-4A4B-97FC-D327946FB87E}.Debug|iPhone.ActiveCfg = Debug|Any CPU
		{A651BBC4-906D-4A4B-97FC-D327946FB87E}.Debug|iPhoneSimulator.ActiveCfg = Debug|Any CPU
		{A651BBC4-906D-4A4B-97FC-D327946FB87E}.Debug|Mixed Platforms.ActiveCfg = Debug|Any CPU
		{A651BBC4-906D-4A4B-97FC-D327946FB87E}.Debug|Mixed Platforms.Build.0 = Debug|Any CPU
		{A651BBC4-906D-4A4B-97FC-D327946FB87E}.Debug|x64.ActiveCfg = Debug|Any CPU
		{A651BBC4-906D-4A4B-97FC-D327946FB87E}.Debug|x86.ActiveCfg = Debug|Any CPU
		{A651BBC4-906D-4A4B-97FC-D327946FB87E}.Release|Any CPU.ActiveCfg = Release|Any CPU
		{A651BBC4-906D-4A4B-97FC-D327946FB87E}.Release|Any CPU.Build.0 = Release|Any CPU
		{A651BBC4-906D-4A4B-97FC-D327946FB87E}.Release|ARM.ActiveCfg = Release|Any CPU
		{A651BBC4-906D-4A4B-97FC-D327946FB87E}.Release|iPhone.ActiveCfg = Release|Any CPU
		{A651BBC4-906D-4A4B-97FC-D327946FB87E}.Release|iPhoneSimulator.ActiveCfg = Release|Any CPU
		{A651BBC4-906D-4A4B-97FC-D327946FB87E}.Release|Mixed Platforms.ActiveCfg = Release|Any CPU
		{A651BBC4-906D-4A4B-97FC-D327946FB87E}.Release|Mixed Platforms.Build.0 = Release|Any CPU
		{A651BBC4-906D-4A4B-97FC-D327946FB87E}.Release|x64.ActiveCfg = Release|Any CPU
		{A651BBC4-906D-4A4B-97FC-D327946FB87E}.Release|x86.ActiveCfg = Release|Any CPU
		{650AB8A8-0A08-49C3-8B6E-08EA97133A5B}.Ad-Hoc|Any CPU.ActiveCfg = Release|Any CPU
		{650AB8A8-0A08-49C3-8B6E-08EA97133A5B}.Ad-Hoc|Any CPU.Build.0 = Release|Any CPU
		{650AB8A8-0A08-49C3-8B6E-08EA97133A5B}.Ad-Hoc|ARM.ActiveCfg = Release|Any CPU
		{650AB8A8-0A08-49C3-8B6E-08EA97133A5B}.Ad-Hoc|iPhone.ActiveCfg = Release|Any CPU
		{650AB8A8-0A08-49C3-8B6E-08EA97133A5B}.Ad-Hoc|iPhoneSimulator.ActiveCfg = Release|Any CPU
		{650AB8A8-0A08-49C3-8B6E-08EA97133A5B}.Ad-Hoc|Mixed Platforms.ActiveCfg = Release|Any CPU
		{650AB8A8-0A08-49C3-8B6E-08EA97133A5B}.Ad-Hoc|Mixed Platforms.Build.0 = Release|Any CPU
		{650AB8A8-0A08-49C3-8B6E-08EA97133A5B}.Ad-Hoc|x64.ActiveCfg = Release|Any CPU
		{650AB8A8-0A08-49C3-8B6E-08EA97133A5B}.Ad-Hoc|x86.ActiveCfg = Release|Any CPU
		{650AB8A8-0A08-49C3-8B6E-08EA97133A5B}.AppStore|Any CPU.ActiveCfg = Release|Any CPU
		{650AB8A8-0A08-49C3-8B6E-08EA97133A5B}.AppStore|Any CPU.Build.0 = Release|Any CPU
		{650AB8A8-0A08-49C3-8B6E-08EA97133A5B}.AppStore|ARM.ActiveCfg = Release|Any CPU
		{650AB8A8-0A08-49C3-8B6E-08EA97133A5B}.AppStore|iPhone.ActiveCfg = Release|Any CPU
		{650AB8A8-0A08-49C3-8B6E-08EA97133A5B}.AppStore|iPhoneSimulator.ActiveCfg = Release|Any CPU
		{650AB8A8-0A08-49C3-8B6E-08EA97133A5B}.AppStore|Mixed Platforms.ActiveCfg = Release|Any CPU
		{650AB8A8-0A08-49C3-8B6E-08EA97133A5B}.AppStore|Mixed Platforms.Build.0 = Release|Any CPU
		{650AB8A8-0A08-49C3-8B6E-08EA97133A5B}.AppStore|x64.ActiveCfg = Release|Any CPU
		{650AB8A8-0A08-49C3-8B6E-08EA97133A5B}.AppStore|x86.ActiveCfg = Release|Any CPU
		{650AB8A8-0A08-49C3-8B6E-08EA97133A5B}.Debug|Any CPU.ActiveCfg = Debug|Any CPU
		{650AB8A8-0A08-49C3-8B6E-08EA97133A5B}.Debug|Any CPU.Build.0 = Debug|Any CPU
		{650AB8A8-0A08-49C3-8B6E-08EA97133A5B}.Debug|ARM.ActiveCfg = Debug|Any CPU
		{650AB8A8-0A08-49C3-8B6E-08EA97133A5B}.Debug|iPhone.ActiveCfg = Debug|Any CPU
		{650AB8A8-0A08-49C3-8B6E-08EA97133A5B}.Debug|iPhoneSimulator.ActiveCfg = Debug|Any CPU
		{650AB8A8-0A08-49C3-8B6E-08EA97133A5B}.Debug|Mixed Platforms.ActiveCfg = Debug|Any CPU
		{650AB8A8-0A08-49C3-8B6E-08EA97133A5B}.Debug|Mixed Platforms.Build.0 = Debug|Any CPU
		{650AB8A8-0A08-49C3-8B6E-08EA97133A5B}.Debug|x64.ActiveCfg = Debug|Any CPU
		{650AB8A8-0A08-49C3-8B6E-08EA97133A5B}.Debug|x86.ActiveCfg = Debug|Any CPU
		{650AB8A8-0A08-49C3-8B6E-08EA97133A5B}.Release|Any CPU.ActiveCfg = Release|Any CPU
		{650AB8A8-0A08-49C3-8B6E-08EA97133A5B}.Release|Any CPU.Build.0 = Release|Any CPU
		{650AB8A8-0A08-49C3-8B6E-08EA97133A5B}.Release|ARM.ActiveCfg = Release|Any CPU
		{650AB8A8-0A08-49C3-8B6E-08EA97133A5B}.Release|iPhone.ActiveCfg = Release|Any CPU
		{650AB8A8-0A08-49C3-8B6E-08EA97133A5B}.Release|iPhoneSimulator.ActiveCfg = Release|Any CPU
		{650AB8A8-0A08-49C3-8B6E-08EA97133A5B}.Release|Mixed Platforms.ActiveCfg = Release|Any CPU
		{650AB8A8-0A08-49C3-8B6E-08EA97133A5B}.Release|Mixed Platforms.Build.0 = Release|Any CPU
		{650AB8A8-0A08-49C3-8B6E-08EA97133A5B}.Release|x64.ActiveCfg = Release|Any CPU
		{650AB8A8-0A08-49C3-8B6E-08EA97133A5B}.Release|x86.ActiveCfg = Release|Any CPU
		{D581A789-F394-4622-A54F-CB23A4139970}.Ad-Hoc|Any CPU.ActiveCfg = Release|Any CPU
		{D581A789-F394-4622-A54F-CB23A4139970}.Ad-Hoc|Any CPU.Build.0 = Release|Any CPU
		{D581A789-F394-4622-A54F-CB23A4139970}.Ad-Hoc|ARM.ActiveCfg = Release|Any CPU
		{D581A789-F394-4622-A54F-CB23A4139970}.Ad-Hoc|iPhone.ActiveCfg = Release|Any CPU
		{D581A789-F394-4622-A54F-CB23A4139970}.Ad-Hoc|iPhoneSimulator.ActiveCfg = Release|Any CPU
		{D581A789-F394-4622-A54F-CB23A4139970}.Ad-Hoc|Mixed Platforms.ActiveCfg = Release|Any CPU
		{D581A789-F394-4622-A54F-CB23A4139970}.Ad-Hoc|Mixed Platforms.Build.0 = Release|Any CPU
		{D581A789-F394-4622-A54F-CB23A4139970}.Ad-Hoc|x64.ActiveCfg = Release|Any CPU
		{D581A789-F394-4622-A54F-CB23A4139970}.Ad-Hoc|x86.ActiveCfg = Release|Any CPU
		{D581A789-F394-4622-A54F-CB23A4139970}.AppStore|Any CPU.ActiveCfg = Release|Any CPU
		{D581A789-F394-4622-A54F-CB23A4139970}.AppStore|Any CPU.Build.0 = Release|Any CPU
		{D581A789-F394-4622-A54F-CB23A4139970}.AppStore|ARM.ActiveCfg = Release|Any CPU
		{D581A789-F394-4622-A54F-CB23A4139970}.AppStore|iPhone.ActiveCfg = Release|Any CPU
		{D581A789-F394-4622-A54F-CB23A4139970}.AppStore|iPhoneSimulator.ActiveCfg = Release|Any CPU
		{D581A789-F394-4622-A54F-CB23A4139970}.AppStore|Mixed Platforms.ActiveCfg = Release|Any CPU
		{D581A789-F394-4622-A54F-CB23A4139970}.AppStore|Mixed Platforms.Build.0 = Release|Any CPU
		{D581A789-F394-4622-A54F-CB23A4139970}.AppStore|x64.ActiveCfg = Release|Any CPU
		{D581A789-F394-4622-A54F-CB23A4139970}.AppStore|x86.ActiveCfg = Release|Any CPU
		{D581A789-F394-4622-A54F-CB23A4139970}.Debug|Any CPU.ActiveCfg = Debug|Any CPU
		{D581A789-F394-4622-A54F-CB23A4139970}.Debug|Any CPU.Build.0 = Debug|Any CPU
		{D581A789-F394-4622-A54F-CB23A4139970}.Debug|ARM.ActiveCfg = Debug|Any CPU
		{D581A789-F394-4622-A54F-CB23A4139970}.Debug|iPhone.ActiveCfg = Debug|Any CPU
		{D581A789-F394-4622-A54F-CB23A4139970}.Debug|iPhoneSimulator.ActiveCfg = Debug|Any CPU
		{D581A789-F394-4622-A54F-CB23A4139970}.Debug|Mixed Platforms.ActiveCfg = Debug|Any CPU
		{D581A789-F394-4622-A54F-CB23A4139970}.Debug|Mixed Platforms.Build.0 = Debug|Any CPU
		{D581A789-F394-4622-A54F-CB23A4139970}.Debug|x64.ActiveCfg = Debug|Any CPU
		{D581A789-F394-4622-A54F-CB23A4139970}.Debug|x86.ActiveCfg = Debug|Any CPU
		{D581A789-F394-4622-A54F-CB23A4139970}.Release|Any CPU.ActiveCfg = Release|Any CPU
		{D581A789-F394-4622-A54F-CB23A4139970}.Release|Any CPU.Build.0 = Release|Any CPU
		{D581A789-F394-4622-A54F-CB23A4139970}.Release|ARM.ActiveCfg = Release|Any CPU
		{D581A789-F394-4622-A54F-CB23A4139970}.Release|iPhone.ActiveCfg = Release|Any CPU
		{D581A789-F394-4622-A54F-CB23A4139970}.Release|iPhoneSimulator.ActiveCfg = Release|Any CPU
		{D581A789-F394-4622-A54F-CB23A4139970}.Release|Mixed Platforms.ActiveCfg = Release|Any CPU
		{D581A789-F394-4622-A54F-CB23A4139970}.Release|Mixed Platforms.Build.0 = Release|Any CPU
		{D581A789-F394-4622-A54F-CB23A4139970}.Release|x64.ActiveCfg = Release|Any CPU
		{D581A789-F394-4622-A54F-CB23A4139970}.Release|x86.ActiveCfg = Release|Any CPU
		{3E262968-55FA-4EC8-9C94-209B3F5541A3}.Ad-Hoc|Any CPU.ActiveCfg = Release|Any CPU
		{3E262968-55FA-4EC8-9C94-209B3F5541A3}.Ad-Hoc|Any CPU.Build.0 = Release|Any CPU
		{3E262968-55FA-4EC8-9C94-209B3F5541A3}.Ad-Hoc|ARM.ActiveCfg = Release|Any CPU
		{3E262968-55FA-4EC8-9C94-209B3F5541A3}.Ad-Hoc|ARM.Build.0 = Release|Any CPU
		{3E262968-55FA-4EC8-9C94-209B3F5541A3}.Ad-Hoc|iPhone.ActiveCfg = Release|Any CPU
		{3E262968-55FA-4EC8-9C94-209B3F5541A3}.Ad-Hoc|iPhone.Build.0 = Release|Any CPU
		{3E262968-55FA-4EC8-9C94-209B3F5541A3}.Ad-Hoc|iPhoneSimulator.ActiveCfg = Release|Any CPU
		{3E262968-55FA-4EC8-9C94-209B3F5541A3}.Ad-Hoc|iPhoneSimulator.Build.0 = Release|Any CPU
		{3E262968-55FA-4EC8-9C94-209B3F5541A3}.Ad-Hoc|Mixed Platforms.ActiveCfg = Release|Any CPU
		{3E262968-55FA-4EC8-9C94-209B3F5541A3}.Ad-Hoc|Mixed Platforms.Build.0 = Release|Any CPU
		{3E262968-55FA-4EC8-9C94-209B3F5541A3}.Ad-Hoc|x64.ActiveCfg = Release|Any CPU
		{3E262968-55FA-4EC8-9C94-209B3F5541A3}.Ad-Hoc|x64.Build.0 = Release|Any CPU
		{3E262968-55FA-4EC8-9C94-209B3F5541A3}.Ad-Hoc|x86.ActiveCfg = Release|Any CPU
		{3E262968-55FA-4EC8-9C94-209B3F5541A3}.Ad-Hoc|x86.Build.0 = Release|Any CPU
		{3E262968-55FA-4EC8-9C94-209B3F5541A3}.AppStore|Any CPU.ActiveCfg = Release|Any CPU
		{3E262968-55FA-4EC8-9C94-209B3F5541A3}.AppStore|Any CPU.Build.0 = Release|Any CPU
		{3E262968-55FA-4EC8-9C94-209B3F5541A3}.AppStore|ARM.ActiveCfg = Release|Any CPU
		{3E262968-55FA-4EC8-9C94-209B3F5541A3}.AppStore|ARM.Build.0 = Release|Any CPU
		{3E262968-55FA-4EC8-9C94-209B3F5541A3}.AppStore|iPhone.ActiveCfg = Release|Any CPU
		{3E262968-55FA-4EC8-9C94-209B3F5541A3}.AppStore|iPhone.Build.0 = Release|Any CPU
		{3E262968-55FA-4EC8-9C94-209B3F5541A3}.AppStore|iPhoneSimulator.ActiveCfg = Release|Any CPU
		{3E262968-55FA-4EC8-9C94-209B3F5541A3}.AppStore|iPhoneSimulator.Build.0 = Release|Any CPU
		{3E262968-55FA-4EC8-9C94-209B3F5541A3}.AppStore|Mixed Platforms.ActiveCfg = Release|Any CPU
		{3E262968-55FA-4EC8-9C94-209B3F5541A3}.AppStore|Mixed Platforms.Build.0 = Release|Any CPU
		{3E262968-55FA-4EC8-9C94-209B3F5541A3}.AppStore|x64.ActiveCfg = Release|Any CPU
		{3E262968-55FA-4EC8-9C94-209B3F5541A3}.AppStore|x64.Build.0 = Release|Any CPU
		{3E262968-55FA-4EC8-9C94-209B3F5541A3}.AppStore|x86.ActiveCfg = Release|Any CPU
		{3E262968-55FA-4EC8-9C94-209B3F5541A3}.AppStore|x86.Build.0 = Release|Any CPU
		{3E262968-55FA-4EC8-9C94-209B3F5541A3}.Debug|Any CPU.ActiveCfg = Debug|Any CPU
		{3E262968-55FA-4EC8-9C94-209B3F5541A3}.Debug|Any CPU.Build.0 = Debug|Any CPU
		{3E262968-55FA-4EC8-9C94-209B3F5541A3}.Debug|ARM.ActiveCfg = Debug|Any CPU
		{3E262968-55FA-4EC8-9C94-209B3F5541A3}.Debug|ARM.Build.0 = Debug|Any CPU
		{3E262968-55FA-4EC8-9C94-209B3F5541A3}.Debug|iPhone.ActiveCfg = Debug|Any CPU
		{3E262968-55FA-4EC8-9C94-209B3F5541A3}.Debug|iPhone.Build.0 = Debug|Any CPU
		{3E262968-55FA-4EC8-9C94-209B3F5541A3}.Debug|iPhoneSimulator.ActiveCfg = Debug|Any CPU
		{3E262968-55FA-4EC8-9C94-209B3F5541A3}.Debug|iPhoneSimulator.Build.0 = Debug|Any CPU
		{3E262968-55FA-4EC8-9C94-209B3F5541A3}.Debug|Mixed Platforms.ActiveCfg = Debug|Any CPU
		{3E262968-55FA-4EC8-9C94-209B3F5541A3}.Debug|Mixed Platforms.Build.0 = Debug|Any CPU
		{3E262968-55FA-4EC8-9C94-209B3F5541A3}.Debug|x64.ActiveCfg = Debug|Any CPU
		{3E262968-55FA-4EC8-9C94-209B3F5541A3}.Debug|x64.Build.0 = Debug|Any CPU
		{3E262968-55FA-4EC8-9C94-209B3F5541A3}.Debug|x86.ActiveCfg = Debug|Any CPU
		{3E262968-55FA-4EC8-9C94-209B3F5541A3}.Debug|x86.Build.0 = Debug|Any CPU
		{3E262968-55FA-4EC8-9C94-209B3F5541A3}.Release|Any CPU.ActiveCfg = Release|Any CPU
		{3E262968-55FA-4EC8-9C94-209B3F5541A3}.Release|Any CPU.Build.0 = Release|Any CPU
		{3E262968-55FA-4EC8-9C94-209B3F5541A3}.Release|ARM.ActiveCfg = Release|Any CPU
		{3E262968-55FA-4EC8-9C94-209B3F5541A3}.Release|ARM.Build.0 = Release|Any CPU
		{3E262968-55FA-4EC8-9C94-209B3F5541A3}.Release|iPhone.ActiveCfg = Release|Any CPU
		{3E262968-55FA-4EC8-9C94-209B3F5541A3}.Release|iPhone.Build.0 = Release|Any CPU
		{3E262968-55FA-4EC8-9C94-209B3F5541A3}.Release|iPhoneSimulator.ActiveCfg = Release|Any CPU
		{3E262968-55FA-4EC8-9C94-209B3F5541A3}.Release|iPhoneSimulator.Build.0 = Release|Any CPU
		{3E262968-55FA-4EC8-9C94-209B3F5541A3}.Release|Mixed Platforms.ActiveCfg = Release|Any CPU
		{3E262968-55FA-4EC8-9C94-209B3F5541A3}.Release|Mixed Platforms.Build.0 = Release|Any CPU
		{3E262968-55FA-4EC8-9C94-209B3F5541A3}.Release|x64.ActiveCfg = Release|Any CPU
		{3E262968-55FA-4EC8-9C94-209B3F5541A3}.Release|x64.Build.0 = Release|Any CPU
		{3E262968-55FA-4EC8-9C94-209B3F5541A3}.Release|x86.ActiveCfg = Release|Any CPU
		{3E262968-55FA-4EC8-9C94-209B3F5541A3}.Release|x86.Build.0 = Release|Any CPU
		{D3F4AD51-1BD4-4038-815A-8C5E5690C33C}.Ad-Hoc|Any CPU.ActiveCfg = Release|Any CPU
		{D3F4AD51-1BD4-4038-815A-8C5E5690C33C}.Ad-Hoc|Any CPU.Build.0 = Release|Any CPU
		{D3F4AD51-1BD4-4038-815A-8C5E5690C33C}.Ad-Hoc|ARM.ActiveCfg = Release|Any CPU
		{D3F4AD51-1BD4-4038-815A-8C5E5690C33C}.Ad-Hoc|ARM.Build.0 = Release|Any CPU
		{D3F4AD51-1BD4-4038-815A-8C5E5690C33C}.Ad-Hoc|iPhone.ActiveCfg = Release|Any CPU
		{D3F4AD51-1BD4-4038-815A-8C5E5690C33C}.Ad-Hoc|iPhone.Build.0 = Release|Any CPU
		{D3F4AD51-1BD4-4038-815A-8C5E5690C33C}.Ad-Hoc|iPhoneSimulator.ActiveCfg = Release|Any CPU
		{D3F4AD51-1BD4-4038-815A-8C5E5690C33C}.Ad-Hoc|iPhoneSimulator.Build.0 = Release|Any CPU
		{D3F4AD51-1BD4-4038-815A-8C5E5690C33C}.Ad-Hoc|Mixed Platforms.ActiveCfg = Release|Any CPU
		{D3F4AD51-1BD4-4038-815A-8C5E5690C33C}.Ad-Hoc|Mixed Platforms.Build.0 = Release|Any CPU
		{D3F4AD51-1BD4-4038-815A-8C5E5690C33C}.Ad-Hoc|x64.ActiveCfg = Release|Any CPU
		{D3F4AD51-1BD4-4038-815A-8C5E5690C33C}.Ad-Hoc|x64.Build.0 = Release|Any CPU
		{D3F4AD51-1BD4-4038-815A-8C5E5690C33C}.Ad-Hoc|x86.ActiveCfg = Release|Any CPU
		{D3F4AD51-1BD4-4038-815A-8C5E5690C33C}.Ad-Hoc|x86.Build.0 = Release|Any CPU
		{D3F4AD51-1BD4-4038-815A-8C5E5690C33C}.AppStore|Any CPU.ActiveCfg = Release|Any CPU
		{D3F4AD51-1BD4-4038-815A-8C5E5690C33C}.AppStore|Any CPU.Build.0 = Release|Any CPU
		{D3F4AD51-1BD4-4038-815A-8C5E5690C33C}.AppStore|ARM.ActiveCfg = Release|Any CPU
		{D3F4AD51-1BD4-4038-815A-8C5E5690C33C}.AppStore|ARM.Build.0 = Release|Any CPU
		{D3F4AD51-1BD4-4038-815A-8C5E5690C33C}.AppStore|iPhone.ActiveCfg = Release|Any CPU
		{D3F4AD51-1BD4-4038-815A-8C5E5690C33C}.AppStore|iPhone.Build.0 = Release|Any CPU
		{D3F4AD51-1BD4-4038-815A-8C5E5690C33C}.AppStore|iPhoneSimulator.ActiveCfg = Release|Any CPU
		{D3F4AD51-1BD4-4038-815A-8C5E5690C33C}.AppStore|iPhoneSimulator.Build.0 = Release|Any CPU
		{D3F4AD51-1BD4-4038-815A-8C5E5690C33C}.AppStore|Mixed Platforms.ActiveCfg = Release|Any CPU
		{D3F4AD51-1BD4-4038-815A-8C5E5690C33C}.AppStore|Mixed Platforms.Build.0 = Release|Any CPU
		{D3F4AD51-1BD4-4038-815A-8C5E5690C33C}.AppStore|x64.ActiveCfg = Release|Any CPU
		{D3F4AD51-1BD4-4038-815A-8C5E5690C33C}.AppStore|x64.Build.0 = Release|Any CPU
		{D3F4AD51-1BD4-4038-815A-8C5E5690C33C}.AppStore|x86.ActiveCfg = Release|Any CPU
		{D3F4AD51-1BD4-4038-815A-8C5E5690C33C}.AppStore|x86.Build.0 = Release|Any CPU
		{D3F4AD51-1BD4-4038-815A-8C5E5690C33C}.Debug|Any CPU.ActiveCfg = Debug|Any CPU
		{D3F4AD51-1BD4-4038-815A-8C5E5690C33C}.Debug|Any CPU.Build.0 = Debug|Any CPU
		{D3F4AD51-1BD4-4038-815A-8C5E5690C33C}.Debug|ARM.ActiveCfg = Debug|Any CPU
		{D3F4AD51-1BD4-4038-815A-8C5E5690C33C}.Debug|ARM.Build.0 = Debug|Any CPU
		{D3F4AD51-1BD4-4038-815A-8C5E5690C33C}.Debug|iPhone.ActiveCfg = Debug|Any CPU
		{D3F4AD51-1BD4-4038-815A-8C5E5690C33C}.Debug|iPhone.Build.0 = Debug|Any CPU
		{D3F4AD51-1BD4-4038-815A-8C5E5690C33C}.Debug|iPhoneSimulator.ActiveCfg = Debug|Any CPU
		{D3F4AD51-1BD4-4038-815A-8C5E5690C33C}.Debug|iPhoneSimulator.Build.0 = Debug|Any CPU
		{D3F4AD51-1BD4-4038-815A-8C5E5690C33C}.Debug|Mixed Platforms.ActiveCfg = Debug|Any CPU
		{D3F4AD51-1BD4-4038-815A-8C5E5690C33C}.Debug|Mixed Platforms.Build.0 = Debug|Any CPU
		{D3F4AD51-1BD4-4038-815A-8C5E5690C33C}.Debug|x64.ActiveCfg = Debug|Any CPU
		{D3F4AD51-1BD4-4038-815A-8C5E5690C33C}.Debug|x64.Build.0 = Debug|Any CPU
		{D3F4AD51-1BD4-4038-815A-8C5E5690C33C}.Debug|x86.ActiveCfg = Debug|Any CPU
		{D3F4AD51-1BD4-4038-815A-8C5E5690C33C}.Debug|x86.Build.0 = Debug|Any CPU
		{D3F4AD51-1BD4-4038-815A-8C5E5690C33C}.Release|Any CPU.ActiveCfg = Release|Any CPU
		{D3F4AD51-1BD4-4038-815A-8C5E5690C33C}.Release|Any CPU.Build.0 = Release|Any CPU
		{D3F4AD51-1BD4-4038-815A-8C5E5690C33C}.Release|ARM.ActiveCfg = Release|Any CPU
		{D3F4AD51-1BD4-4038-815A-8C5E5690C33C}.Release|ARM.Build.0 = Release|Any CPU
		{D3F4AD51-1BD4-4038-815A-8C5E5690C33C}.Release|iPhone.ActiveCfg = Release|Any CPU
		{D3F4AD51-1BD4-4038-815A-8C5E5690C33C}.Release|iPhone.Build.0 = Release|Any CPU
		{D3F4AD51-1BD4-4038-815A-8C5E5690C33C}.Release|iPhoneSimulator.ActiveCfg = Release|Any CPU
		{D3F4AD51-1BD4-4038-815A-8C5E5690C33C}.Release|iPhoneSimulator.Build.0 = Release|Any CPU
		{D3F4AD51-1BD4-4038-815A-8C5E5690C33C}.Release|Mixed Platforms.ActiveCfg = Release|Any CPU
		{D3F4AD51-1BD4-4038-815A-8C5E5690C33C}.Release|Mixed Platforms.Build.0 = Release|Any CPU
		{D3F4AD51-1BD4-4038-815A-8C5E5690C33C}.Release|x64.ActiveCfg = Release|Any CPU
		{D3F4AD51-1BD4-4038-815A-8C5E5690C33C}.Release|x64.Build.0 = Release|Any CPU
		{D3F4AD51-1BD4-4038-815A-8C5E5690C33C}.Release|x86.ActiveCfg = Release|Any CPU
		{D3F4AD51-1BD4-4038-815A-8C5E5690C33C}.Release|x86.Build.0 = Release|Any CPU
		{6C8AF17F-EF50-4D3B-BF04-500816FDBB50}.Ad-Hoc|Any CPU.ActiveCfg = Release|Any CPU
		{6C8AF17F-EF50-4D3B-BF04-500816FDBB50}.Ad-Hoc|Any CPU.Build.0 = Release|Any CPU
		{6C8AF17F-EF50-4D3B-BF04-500816FDBB50}.Ad-Hoc|ARM.ActiveCfg = Release|Any CPU
		{6C8AF17F-EF50-4D3B-BF04-500816FDBB50}.Ad-Hoc|ARM.Build.0 = Release|Any CPU
		{6C8AF17F-EF50-4D3B-BF04-500816FDBB50}.Ad-Hoc|iPhone.ActiveCfg = Release|Any CPU
		{6C8AF17F-EF50-4D3B-BF04-500816FDBB50}.Ad-Hoc|iPhone.Build.0 = Release|Any CPU
		{6C8AF17F-EF50-4D3B-BF04-500816FDBB50}.Ad-Hoc|iPhoneSimulator.ActiveCfg = Release|Any CPU
		{6C8AF17F-EF50-4D3B-BF04-500816FDBB50}.Ad-Hoc|iPhoneSimulator.Build.0 = Release|Any CPU
		{6C8AF17F-EF50-4D3B-BF04-500816FDBB50}.Ad-Hoc|Mixed Platforms.ActiveCfg = Release|Any CPU
		{6C8AF17F-EF50-4D3B-BF04-500816FDBB50}.Ad-Hoc|Mixed Platforms.Build.0 = Release|Any CPU
		{6C8AF17F-EF50-4D3B-BF04-500816FDBB50}.Ad-Hoc|x64.ActiveCfg = Release|Any CPU
		{6C8AF17F-EF50-4D3B-BF04-500816FDBB50}.Ad-Hoc|x64.Build.0 = Release|Any CPU
		{6C8AF17F-EF50-4D3B-BF04-500816FDBB50}.Ad-Hoc|x86.ActiveCfg = Release|Any CPU
		{6C8AF17F-EF50-4D3B-BF04-500816FDBB50}.Ad-Hoc|x86.Build.0 = Release|Any CPU
		{6C8AF17F-EF50-4D3B-BF04-500816FDBB50}.AppStore|Any CPU.ActiveCfg = Release|Any CPU
		{6C8AF17F-EF50-4D3B-BF04-500816FDBB50}.AppStore|Any CPU.Build.0 = Release|Any CPU
		{6C8AF17F-EF50-4D3B-BF04-500816FDBB50}.AppStore|ARM.ActiveCfg = Release|Any CPU
		{6C8AF17F-EF50-4D3B-BF04-500816FDBB50}.AppStore|ARM.Build.0 = Release|Any CPU
		{6C8AF17F-EF50-4D3B-BF04-500816FDBB50}.AppStore|iPhone.ActiveCfg = Release|Any CPU
		{6C8AF17F-EF50-4D3B-BF04-500816FDBB50}.AppStore|iPhone.Build.0 = Release|Any CPU
		{6C8AF17F-EF50-4D3B-BF04-500816FDBB50}.AppStore|iPhoneSimulator.ActiveCfg = Release|Any CPU
		{6C8AF17F-EF50-4D3B-BF04-500816FDBB50}.AppStore|iPhoneSimulator.Build.0 = Release|Any CPU
		{6C8AF17F-EF50-4D3B-BF04-500816FDBB50}.AppStore|Mixed Platforms.ActiveCfg = Release|Any CPU
		{6C8AF17F-EF50-4D3B-BF04-500816FDBB50}.AppStore|Mixed Platforms.Build.0 = Release|Any CPU
		{6C8AF17F-EF50-4D3B-BF04-500816FDBB50}.AppStore|x64.ActiveCfg = Release|Any CPU
		{6C8AF17F-EF50-4D3B-BF04-500816FDBB50}.AppStore|x64.Build.0 = Release|Any CPU
		{6C8AF17F-EF50-4D3B-BF04-500816FDBB50}.AppStore|x86.ActiveCfg = Release|Any CPU
		{6C8AF17F-EF50-4D3B-BF04-500816FDBB50}.AppStore|x86.Build.0 = Release|Any CPU
		{6C8AF17F-EF50-4D3B-BF04-500816FDBB50}.Debug|Any CPU.ActiveCfg = Debug|Any CPU
		{6C8AF17F-EF50-4D3B-BF04-500816FDBB50}.Debug|Any CPU.Build.0 = Debug|Any CPU
		{6C8AF17F-EF50-4D3B-BF04-500816FDBB50}.Debug|ARM.ActiveCfg = Debug|Any CPU
		{6C8AF17F-EF50-4D3B-BF04-500816FDBB50}.Debug|ARM.Build.0 = Debug|Any CPU
		{6C8AF17F-EF50-4D3B-BF04-500816FDBB50}.Debug|iPhone.ActiveCfg = Debug|Any CPU
		{6C8AF17F-EF50-4D3B-BF04-500816FDBB50}.Debug|iPhone.Build.0 = Debug|Any CPU
		{6C8AF17F-EF50-4D3B-BF04-500816FDBB50}.Debug|iPhoneSimulator.ActiveCfg = Debug|Any CPU
		{6C8AF17F-EF50-4D3B-BF04-500816FDBB50}.Debug|iPhoneSimulator.Build.0 = Debug|Any CPU
		{6C8AF17F-EF50-4D3B-BF04-500816FDBB50}.Debug|Mixed Platforms.ActiveCfg = Debug|Any CPU
		{6C8AF17F-EF50-4D3B-BF04-500816FDBB50}.Debug|Mixed Platforms.Build.0 = Debug|Any CPU
		{6C8AF17F-EF50-4D3B-BF04-500816FDBB50}.Debug|x64.ActiveCfg = Debug|Any CPU
		{6C8AF17F-EF50-4D3B-BF04-500816FDBB50}.Debug|x64.Build.0 = Debug|Any CPU
		{6C8AF17F-EF50-4D3B-BF04-500816FDBB50}.Debug|x86.ActiveCfg = Debug|Any CPU
		{6C8AF17F-EF50-4D3B-BF04-500816FDBB50}.Debug|x86.Build.0 = Debug|Any CPU
		{6C8AF17F-EF50-4D3B-BF04-500816FDBB50}.Release|Any CPU.ActiveCfg = Release|Any CPU
		{6C8AF17F-EF50-4D3B-BF04-500816FDBB50}.Release|Any CPU.Build.0 = Release|Any CPU
		{6C8AF17F-EF50-4D3B-BF04-500816FDBB50}.Release|ARM.ActiveCfg = Release|Any CPU
		{6C8AF17F-EF50-4D3B-BF04-500816FDBB50}.Release|ARM.Build.0 = Release|Any CPU
		{6C8AF17F-EF50-4D3B-BF04-500816FDBB50}.Release|iPhone.ActiveCfg = Release|Any CPU
		{6C8AF17F-EF50-4D3B-BF04-500816FDBB50}.Release|iPhone.Build.0 = Release|Any CPU
		{6C8AF17F-EF50-4D3B-BF04-500816FDBB50}.Release|iPhoneSimulator.ActiveCfg = Release|Any CPU
		{6C8AF17F-EF50-4D3B-BF04-500816FDBB50}.Release|iPhoneSimulator.Build.0 = Release|Any CPU
		{6C8AF17F-EF50-4D3B-BF04-500816FDBB50}.Release|Mixed Platforms.ActiveCfg = Release|Any CPU
		{6C8AF17F-EF50-4D3B-BF04-500816FDBB50}.Release|Mixed Platforms.Build.0 = Release|Any CPU
		{6C8AF17F-EF50-4D3B-BF04-500816FDBB50}.Release|x64.ActiveCfg = Release|Any CPU
		{6C8AF17F-EF50-4D3B-BF04-500816FDBB50}.Release|x64.Build.0 = Release|Any CPU
		{6C8AF17F-EF50-4D3B-BF04-500816FDBB50}.Release|x86.ActiveCfg = Release|Any CPU
		{6C8AF17F-EF50-4D3B-BF04-500816FDBB50}.Release|x86.Build.0 = Release|Any CPU
	EndGlobalSection
	GlobalSection(SolutionProperties) = preSolution
		HideSolutionNode = FALSE
	EndGlobalSection
	GlobalSection(NestedProjects) = preSolution
		{B50A8871-5E68-4BE9-ABEC-F10FED724AA2} = {B00262DD-CB03-47D1-A6CD-7D899D858217}
		{A0A24D28-5970-42F7-8847-B71E7622F515} = {F4D7E844-3FB2-4060-B33A-99BA33FCBDFE}
		{A29F7D56-D1CF-4D93-BF03-B7ABB0474811} = {F4D7E844-3FB2-4060-B33A-99BA33FCBDFE}
		{376EE048-E5CF-4F7F-B129-1D5C1454CA39} = {80E49700-8CD0-4418-9F48-4F4ABE86CA11}
		{A651BBC4-906D-4A4B-97FC-D327946FB87E} = {A29F7D56-D1CF-4D93-BF03-B7ABB0474811}
		{650AB8A8-0A08-49C3-8B6E-08EA97133A5B} = {A29F7D56-D1CF-4D93-BF03-B7ABB0474811}
		{D581A789-F394-4622-A54F-CB23A4139970} = {AA17C626-C174-4B21-9E5E-3F6BB57D2100}
		{B00262DD-CB03-47D1-A6CD-7D899D858217} = {F7821A88-4A34-46CA-85D4-ADCB187B2261}
		{3E262968-55FA-4EC8-9C94-209B3F5541A3} = {A29F7D56-D1CF-4D93-BF03-B7ABB0474811}
		{D3F4AD51-1BD4-4038-815A-8C5E5690C33C} = {FCEE6BEB-C86B-4993-8361-EC39342A4F2C}
		{6C8AF17F-EF50-4D3B-BF04-500816FDBB50} = {A0A24D28-5970-42F7-8847-B71E7622F515}
	EndGlobalSection
EndGlobal
