
Microsoft Visual Studio Solution File, Format Version 12.00
# Visual Studio 2013
VisualStudioVersion = 12.0.31101.0
MinimumVisualStudioVersion = 10.0.40219.1
Project("{E24C65DC-7377-472B-9ABA-BC803B73C61A}") = "Newsbook.WebMobile", "http://localhost:57862", "{B50A8871-5E68-4BE9-ABEC-F10FED724AA2}"
	ProjectSection(WebsiteProperties) = preProject
		UseIISExpress = "true"
		TargetFrameworkMoniker = ".NETFramework,Version%3Dv4.0"
		Debug.AspNetCompiler.VirtualPath = "/localhost_57862"
		Debug.AspNetCompiler.PhysicalPath = "Newsbook.WebMobile\"
		Debug.AspNetCompiler.TargetPath = "PrecompiledWeb\localhost_57862\"
		Debug.AspNetCompiler.Updateable = "true"
		Debug.AspNetCompiler.ForceOverwrite = "true"
		Debug.AspNetCompiler.FixedNames = "false"
		Debug.AspNetCompiler.Debug = "True"
		Release.AspNetCompiler.VirtualPath = "/localhost_57862"
		Release.AspNetCompiler.PhysicalPath = "Newsbook.WebMobile\"
		Release.AspNetCompiler.TargetPath = "PrecompiledWeb\localhost_57862\"
		Release.AspNetCompiler.Updateable = "true"
		Release.AspNetCompiler.ForceOverwrite = "true"
		Release.AspNetCompiler.FixedNames = "false"
		Release.AspNetCompiler.Debug = "False"
		SlnRelativePath = "Newsbook.WebMobile\"
	EndProjectSection
EndProject
Project("{2150E333-8FDC-42A3-9474-1A3956D46DE8}") = "0 - Apresentacao", "0 - Apresentacao", "{F7821A88-4A34-46CA-85D4-ADCB187B2261}"
EndProject
Project("{2150E333-8FDC-42A3-9474-1A3956D46DE8}") = "1 - Servicos", "1 - Servicos", "{AA17C626-C174-4B21-9E5E-3F6BB57D2100}"
EndProject
Project("{2150E333-8FDC-42A3-9474-1A3956D46DE8}") = "2 - Aplicacao", "2 - Aplicacao", "{80E49700-8CD0-4418-9F48-4F4ABE86CA11}"
EndProject
Project("{2150E333-8FDC-42A3-9474-1A3956D46DE8}") = "3 - Dominio", "3 - Dominio", "{FCEE6BEB-C86B-4993-8361-EC39342A4F2C}"
EndProject
Project("{2150E333-8FDC-42A3-9474-1A3956D46DE8}") = "4 - Infraestrutura", "4 - Infraestrutura", "{F4D7E844-3FB2-4060-B33A-99BA33FCBDFE}"
EndProject
Project("{2150E333-8FDC-42A3-9474-1A3956D46DE8}") = "4.1 - Dados", "4.1 - Dados", "{A0A24D28-5970-42F7-8847-B71E7622F515}"
EndProject
Project("{2150E333-8FDC-42A3-9474-1A3956D46DE8}") = "4.2 - Util", "4.2 - Util", "{A29F7D56-D1CF-4D93-BF03-B7ABB0474811}"
EndProject
Project("{FAE04EC0-301F-11D3-BF4B-00C04F79EFBC}") = "Newsbook.Core", "Newsbook.Core\Newsbook.Core.csproj", "{77DB442D-D3D0-449C-A7A1-22A47F716357}"
EndProject
Project("{FAE04EC0-301F-11D3-BF4B-00C04F79EFBC}") = "Newsbook.WebApi", "Newsbook.WebApi\Newsbook.WebApi.csproj", "{A285B881-1A12-4325-B588-8D1212DA37FA}"
EndProject
Global
	GlobalSection(SolutionConfigurationPlatforms) = preSolution
		Debug|Any CPU = Debug|Any CPU
		Release|Any CPU = Release|Any CPU
	EndGlobalSection
	GlobalSection(ProjectConfigurationPlatforms) = postSolution
		{B50A8871-5E68-4BE9-ABEC-F10FED724AA2}.Debug|Any CPU.ActiveCfg = Debug|Any CPU
		{B50A8871-5E68-4BE9-ABEC-F10FED724AA2}.Debug|Any CPU.Build.0 = Debug|Any CPU
		{B50A8871-5E68-4BE9-ABEC-F10FED724AA2}.Release|Any CPU.ActiveCfg = Debug|Any CPU
		{B50A8871-5E68-4BE9-ABEC-F10FED724AA2}.Release|Any CPU.Build.0 = Debug|Any CPU
		{77DB442D-D3D0-449C-A7A1-22A47F716357}.Debug|Any CPU.ActiveCfg = Debug|Any CPU
		{77DB442D-D3D0-449C-A7A1-22A47F716357}.Debug|Any CPU.Build.0 = Debug|Any CPU
		{77DB442D-D3D0-449C-A7A1-22A47F716357}.Release|Any CPU.ActiveCfg = Release|Any CPU
		{77DB442D-D3D0-449C-A7A1-22A47F716357}.Release|Any CPU.Build.0 = Release|Any CPU
		{A285B881-1A12-4325-B588-8D1212DA37FA}.Debug|Any CPU.ActiveCfg = Debug|Any CPU
		{A285B881-1A12-4325-B588-8D1212DA37FA}.Debug|Any CPU.Build.0 = Debug|Any CPU
		{A285B881-1A12-4325-B588-8D1212DA37FA}.Release|Any CPU.ActiveCfg = Release|Any CPU
		{A285B881-1A12-4325-B588-8D1212DA37FA}.Release|Any CPU.Build.0 = Release|Any CPU
	EndGlobalSection
	GlobalSection(SolutionProperties) = preSolution
		HideSolutionNode = FALSE
	EndGlobalSection
	GlobalSection(NestedProjects) = preSolution
		{B50A8871-5E68-4BE9-ABEC-F10FED724AA2} = {F7821A88-4A34-46CA-85D4-ADCB187B2261}
		{A0A24D28-5970-42F7-8847-B71E7622F515} = {F4D7E844-3FB2-4060-B33A-99BA33FCBDFE}
		{A29F7D56-D1CF-4D93-BF03-B7ABB0474811} = {F4D7E844-3FB2-4060-B33A-99BA33FCBDFE}
		{77DB442D-D3D0-449C-A7A1-22A47F716357} = {FCEE6BEB-C86B-4993-8361-EC39342A4F2C}
		{A285B881-1A12-4325-B588-8D1212DA37FA} = {AA17C626-C174-4B21-9E5E-3F6BB57D2100}
	EndGlobalSection
EndGlobal
